{
  "version": 4,
  "terraform_version": "1.10.4",
  "serial": 213,
  "lineage": "bdb53776-484e-4217-ec2e-dc108fe64c56",
  "outputs": {
    "shared_security_group_id": {
      "value": "sg-0720c41f1ac488c4d",
      "type": "string"
    },
    "shared_subnet_ids": {
      "value": {
        "us-east-1a": "subnet-039fd5720e8b2acfd",
        "us-east-1b": "subnet-0f1e678f97eafd931"
      },
      "type": [
        "object",
        {
          "us-east-1a": "string",
          "us-east-1b": "string"
        }
      ]
    }
  },
  "resources": [
    {
      "mode": "managed",
      "type": "aws_cloudwatch_event_api_destination",
      "name": "agents_core",
      "provider": "provider[\"registry.terraform.io/hashicorp/aws\"]",
      "instances": [
        {
          "schema_version": 0,
          "attributes": {
            "arn": "arn:aws:events:us-east-1:702853186114:api-destination/agents-core-staging/93c3eee4-2434-412e-8d26-125bb62d1ec1",
            "connection_arn": "arn:aws:events:us-east-1:702853186114:connection/clancy-connection-staging/9ecd8f94-dd1a-4254-9d72-9f9c64a809dd",
            "description": "Agents Core Staging",
            "http_method": "POST",
            "id": "agents-core-staging",
            "invocation_endpoint": "https://7e8808c80e54.ngrok-free.app/*",
            "invocation_rate_limit_per_second": 20,
            "name": "agents-core-staging",
            "region": "us-east-1"
          },
          "sensitive_attributes": [],
          "private": "bnVsbA==",
          "dependencies": [
            "aws_cloudwatch_event_connection.clancy_staging_connection",
            "aws_cognito_resource_server.clancy_resource_server",
            "aws_cognito_user_pool.clancy_user_pool",
            "aws_cognito_user_pool_client.clancy_user_pool_client"
          ]
        }
      ]
    },
    {
      "mode": "managed",
      "type": "aws_cloudwatch_event_bus",
      "name": "clancy_main_event_bus",
      "provider": "provider[\"registry.terraform.io/hashicorp/aws\"]",
      "instances": [
        {
          "schema_version": 0,
          "attributes": {
            "arn": "arn:aws:events:us-east-1:702853186114:event-bus/clancy-main-staging",
            "dead_letter_config": [],
            "description": "",
            "event_source_name": null,
            "id": "clancy-main-staging",
            "kms_key_identifier": "",
            "name": "clancy-main-staging",
            "region": "us-east-1",
            "tags": {},
            "tags_all": {}
          },
          "sensitive_attributes": [],
          "private": "bnVsbA=="
        }
      ]
    },
    {
      "mode": "managed",
      "type": "aws_cloudwatch_event_connection",
      "name": "clancy_staging_connection",
      "provider": "provider[\"registry.terraform.io/hashicorp/aws\"]",
      "instances": [
        {
          "schema_version": 0,
          "attributes": {
            "arn": "arn:aws:events:us-east-1:702853186114:connection/clancy-connection-staging/9ecd8f94-dd1a-4254-9d72-9f9c64a809dd",
            "auth_parameters": [
              {
                "api_key": [],
                "basic": [],
                "invocation_http_parameters": [],
                "oauth": [
                  {
                    "authorization_endpoint": "https://clancy.auth.us-east-1.amazoncognito.com/oauth2/token",
                    "client_parameters": [
                      {
                        "client_id": "7uam6gqiee5gno2m9iets3j39i",
                        "client_secret": "ar5fq49unnv5h8j2htncramoj32b2untnqu1l86o87v631qh69"
                      }
                    ],
                    "http_method": "POST",
                    "oauth_http_parameters": [
                      {
                        "body": [
                          {
                            "is_value_secret": false,
                            "key": "scope",
                            "value": "https://clancyai.com/all"
                          },
                          {
                            "is_value_secret": false,
                            "key": "grant_type",
                            "value": "client_credentials"
                          }
                        ],
                        "header": [],
                        "query_string": []
                      }
                    ]
                  }
                ]
              }
            ],
            "authorization_type": "OAUTH_CLIENT_CREDENTIALS",
            "description": "Clancy Staging Connection",
            "id": "clancy-connection-staging",
            "invocation_connectivity_parameters": [],
            "kms_key_identifier": "",
            "name": "clancy-connection-staging",
            "region": "us-east-1",
            "secret_arn": "arn:aws:secretsmanager:us-east-1:702853186114:secret:events!connection/clancy-connection-staging/da2b2bd9-78a2-42e4-a9c0-72333670e4cb-A2lvKt"
          },
          "sensitive_attributes": [
            [
              {
                "type": "get_attr",
                "value": "auth_parameters"
              },
              {
                "type": "index",
                "value": {
                  "value": 0,
                  "type": "number"
                }
              },
              {
                "type": "get_attr",
                "value": "oauth"
              },
              {
                "type": "index",
                "value": {
                  "value": 0,
                  "type": "number"
                }
              },
              {
                "type": "get_attr",
                "value": "oauth_http_parameters"
              },
              {
                "type": "index",
                "value": {
                  "value": 0,
                  "type": "number"
                }
              },
              {
                "type": "get_attr",
                "value": "body"
              },
              {
                "type": "index",
                "value": {
                  "value": 0,
                  "type": "number"
                }
              },
              {
                "type": "get_attr",
                "value": "value"
              }
            ],
            [
              {
                "type": "get_attr",
                "value": "auth_parameters"
              },
              {
                "type": "index",
                "value": {
                  "value": 0,
                  "type": "number"
                }
              },
              {
                "type": "get_attr",
                "value": "oauth"
              },
              {
                "type": "index",
                "value": {
                  "value": 0,
                  "type": "number"
                }
              },
              {
                "type": "get_attr",
                "value": "oauth_http_parameters"
              },
              {
                "type": "index",
                "value": {
                  "value": 0,
                  "type": "number"
                }
              },
              {
                "type": "get_attr",
                "value": "body"
              },
              {
                "type": "index",
                "value": {
                  "value": 1,
                  "type": "number"
                }
              },
              {
                "type": "get_attr",
                "value": "value"
              }
            ],
            [
              {
                "type": "get_attr",
                "value": "auth_parameters"
              },
              {
                "type": "index",
                "value": {
                  "value": 0,
                  "type": "number"
                }
              },
              {
                "type": "get_attr",
                "value": "oauth"
              },
              {
                "type": "index",
                "value": {
                  "value": 0,
                  "type": "number"
                }
              },
              {
                "type": "get_attr",
                "value": "client_parameters"
              },
              {
                "type": "index",
                "value": {
                  "value": 0,
                  "type": "number"
                }
              },
              {
                "type": "get_attr",
                "value": "client_secret"
              }
            ]
          ],
          "private": "bnVsbA==",
          "dependencies": [
            "aws_cognito_resource_server.clancy_resource_server",
            "aws_cognito_user_pool.clancy_user_pool",
            "aws_cognito_user_pool_client.clancy_user_pool_client"
          ]
        }
      ]
    },
    {
      "mode": "managed",
      "type": "aws_cloudwatch_event_rule",
      "name": "human_approval_rule",
      "provider": "provider[\"registry.terraform.io/hashicorp/aws\"]",
      "instances": [
        {
          "schema_version": 1,
          "attributes": {
            "arn": "arn:aws:events:us-east-1:702853186114:rule/clancy-main-staging/human-approval-rule",
            "description": "Capture each human approval",
            "event_bus_name": "clancy-main-staging",
            "event_pattern": "{\"detail\":{\"type\":[\"request_approval\"]}}",
            "force_destroy": false,
            "id": "clancy-main-staging/human-approval-rule",
            "is_enabled": true,
            "name": "human-approval-rule",
            "name_prefix": "",
            "region": "us-east-1",
            "role_arn": "",
            "schedule_expression": "",
            "state": "ENABLED",
            "tags": {},
            "tags_all": {}
          },
          "sensitive_attributes": [],
          "private": "eyJzY2hlbWFfdmVyc2lvbiI6IjEifQ==",
          "dependencies": [
            "aws_cloudwatch_event_bus.clancy_main_event_bus"
          ]
        }
      ]
    },
    {
      "mode": "managed",
      "type": "aws_cloudwatch_event_target",
      "name": "agents_core_target",
      "provider": "provider[\"registry.terraform.io/hashicorp/aws\"]",
      "instances": [
        {
          "schema_version": 1,
          "attributes": {
            "appsync_target": [],
            "arn": "arn:aws:events:us-east-1:702853186114:api-destination/agents-core-staging/93c3eee4-2434-412e-8d26-125bb62d1ec1",
            "batch_target": [],
            "dead_letter_config": [],
            "ecs_target": [],
            "event_bus_name": "clancy-main-staging",
            "force_destroy": false,
            "http_target": [
              {
                "header_parameters": {},
                "path_parameter_values": [
                  "v1/approvals"
                ],
                "query_string_parameters": {}
              }
            ],
            "id": "clancy-main-staging-human-approval-rule-terraform-20250717190856393300000001",
            "input": "",
            "input_path": "$.detail.data",
            "input_transformer": [],
            "kinesis_target": [],
            "redshift_target": [],
            "region": "us-east-1",
            "retry_policy": [],
            "role_arn": "arn:aws:iam::702853186114:role/service-role/Amazon_EventBridge_Invoke_Api_Destination_336818126",
            "rule": "human-approval-rule",
            "run_command_targets": [],
            "sagemaker_pipeline_target": [],
            "sqs_target": [],
            "target_id": "terraform-20250717190856393300000001"
          },
          "sensitive_attributes": [],
          "private": "eyJzY2hlbWFfdmVyc2lvbiI6IjEifQ==",
          "dependencies": [
            "aws_cloudwatch_event_api_destination.agents_core",
            "aws_cloudwatch_event_bus.clancy_main_event_bus",
            "aws_cloudwatch_event_connection.clancy_staging_connection",
            "aws_cloudwatch_event_rule.human_approval_rule",
            "aws_cognito_resource_server.clancy_resource_server",
            "aws_cognito_user_pool.clancy_user_pool",
            "aws_cognito_user_pool_client.clancy_user_pool_client"
          ]
        }
      ]
    },
    {
      "mode": "managed",
      "type": "aws_cognito_resource_server",
      "name": "clancy_resource_server",
      "provider": "provider[\"registry.terraform.io/hashicorp/aws\"]",
      "instances": [
        {
          "schema_version": 0,
          "attributes": {
            "id": "us-east-1_4WYc9YwOv|https://clancyai.com",
            "identifier": "https://clancyai.com",
            "name": "clancy-resource-server-staging",
            "region": "us-east-1",
            "scope": [
              {
                "scope_description": "All permissions",
                "scope_name": "all"
              }
            ],
            "scope_identifiers": [
              "https://clancyai.com/all"
            ],
            "user_pool_id": "us-east-1_4WYc9YwOv"
          },
          "sensitive_attributes": [],
          "private": "bnVsbA==",
          "dependencies": [
            "aws_cognito_user_pool.clancy_user_pool"
          ]
        }
      ]
    },
    {
      "mode": "managed",
      "type": "aws_cognito_user_pool",
      "name": "clancy_user_pool",
      "provider": "provider[\"registry.terraform.io/hashicorp/aws\"]",
      "instances": [
        {
          "schema_version": 0,
          "attributes": {
            "account_recovery_setting": [
              {
                "recovery_mechanism": [
                  {
                    "name": "verified_email",
                    "priority": 1
                  },
                  {
                    "name": "verified_phone_number",
                    "priority": 2
                  }
                ]
              }
            ],
            "admin_create_user_config": [
              {
                "allow_admin_create_user_only": false,
                "invite_message_template": []
              }
            ],
            "alias_attributes": null,
            "arn": "arn:aws:cognito-idp:us-east-1:702853186114:userpool/us-east-1_4WYc9YwOv",
            "auto_verified_attributes": [],
            "creation_date": "2025-07-17T18:19:57Z",
            "custom_domain": "",
            "deletion_protection": "INACTIVE",
            "device_configuration": [],
            "domain": "clancy",
            "email_configuration": [
              {
                "configuration_set": "",
                "email_sending_account": "COGNITO_DEFAULT",
                "from_email_address": "",
                "reply_to_email_address": "",
                "source_arn": ""
              }
            ],
            "email_mfa_configuration": [],
            "email_verification_message": "",
            "email_verification_subject": "",
            "endpoint": "cognito-idp.us-east-1.amazonaws.com/us-east-1_4WYc9YwOv",
            "estimated_number_of_users": 0,
            "id": "us-east-1_4WYc9YwOv",
            "lambda_config": [],
            "last_modified_date": "2025-07-17T18:19:57Z",
            "mfa_configuration": "OFF",
            "name": "clancy-user-pool-staging",
            "password_policy": [
              {
                "minimum_length": 8,
                "password_history_size": 0,
                "require_lowercase": true,
                "require_numbers": true,
                "require_symbols": true,
                "require_uppercase": true,
                "temporary_password_validity_days": 7
              }
            ],
            "region": "us-east-1",
            "schema": [],
            "sign_in_policy": [
              {
                "allowed_first_auth_factors": [
                  "PASSWORD"
                ]
              }
            ],
            "sms_authentication_message": "",
            "sms_configuration": [],
            "sms_verification_message": "",
            "software_token_mfa_configuration": [],
            "tags": {},
            "tags_all": {},
            "user_attribute_update_settings": [],
            "user_pool_add_ons": [],
            "user_pool_tier": "ESSENTIALS",
            "username_attributes": [],
            "username_configuration": [],
            "verification_message_template": [
              {
                "default_email_option": "CONFIRM_WITH_CODE",
                "email_message": "",
                "email_message_by_link": "",
                "email_subject": "",
                "email_subject_by_link": "",
                "sms_message": ""
              }
            ],
            "web_authn_configuration": []
          },
          "sensitive_attributes": [],
          "private": "bnVsbA=="
        }
      ]
    },
    {
      "mode": "managed",
      "type": "aws_cognito_user_pool_client",
      "name": "clancy_user_pool_client",
      "provider": "provider[\"registry.terraform.io/hashicorp/aws\"]",
      "instances": [
        {
          "schema_version": 0,
          "attributes": {
            "access_token_validity": 0,
            "allowed_oauth_flows": [
              "client_credentials"
            ],
            "allowed_oauth_flows_user_pool_client": false,
            "allowed_oauth_scopes": [
              "https://clancyai.com/all"
            ],
            "analytics_configuration": [],
            "auth_session_validity": 3,
            "callback_urls": [],
            "client_secret": "ar5fq49unnv5h8j2htncramoj32b2untnqu1l86o87v631qh69",
            "default_redirect_uri": "",
            "enable_propagate_additional_user_context_data": false,
            "enable_token_revocation": true,
            "explicit_auth_flows": [],
            "generate_secret": true,
            "id": "7uam6gqiee5gno2m9iets3j39i",
            "id_token_validity": 0,
            "logout_urls": [],
            "name": "clancy-user-pool-client-staging",
            "prevent_user_existence_errors": "",
            "read_attributes": [],
            "refresh_token_rotation": [],
            "refresh_token_validity": 30,
            "region": "us-east-1",
            "supported_identity_providers": [],
            "token_validity_units": [],
            "user_pool_id": "us-east-1_4WYc9YwOv",
            "write_attributes": []
          },
          "sensitive_attributes": [
            [
              {
                "type": "get_attr",
                "value": "client_secret"
              }
            ]
          ],
          "dependencies": [
            "aws_cognito_resource_server.clancy_resource_server",
            "aws_cognito_user_pool.clancy_user_pool"
          ]
        }
      ]
    },
    {
      "mode": "managed",
      "type": "aws_cognito_user_pool_domain",
      "name": "main",
      "provider": "provider[\"registry.terraform.io/hashicorp/aws\"]",
      "instances": [
        {
          "schema_version": 0,
          "attributes": {
            "aws_account_id": "702853186114",
            "certificate_arn": "",
            "cloudfront_distribution": "d3oia8etllorh5.cloudfront.net",
            "cloudfront_distribution_arn": "d3oia8etllorh5.cloudfront.net",
            "cloudfront_distribution_zone_id": "Z2FDTNDATAQYW2",
            "domain": "clancy",
            "id": "clancy",
            "managed_login_version": 1,
            "region": "us-east-1",
            "s3_bucket": "aws-cognito-prod-iad-assets",
            "user_pool_id": "us-east-1_4WYc9YwOv",
            "version": "20250717181958"
          },
          "sensitive_attributes": [],
          "private": "bnVsbA==",
          "dependencies": [
            "aws_cognito_user_pool.clancy_user_pool"
          ]
        }
      ]
    },
    {
      "mode": "managed",
      "type": "aws_kinesis_stream",
      "name": "clancy_stream",
      "provider": "provider[\"registry.terraform.io/hashicorp/aws\"]",
      "instances": [
        {
          "schema_version": 1,
          "attributes": {
            "arn": "arn:aws:kinesis:us-east-1:702853186114:stream/clancy-main-staging",
            "encryption_type": "NONE",
            "enforce_consumer_deletion": false,
            "id": "arn:aws:kinesis:us-east-1:702853186114:stream/clancy-main-staging",
            "kms_key_id": "",
            "name": "clancy-main-staging",
            "region": "us-east-1",
            "retention_period": 24,
            "shard_count": 0,
            "shard_level_metrics": [],
            "stream_mode_details": [
              {
                "stream_mode": "ON_DEMAND"
              }
            ],
            "tags": {},
            "tags_all": {},
            "timeouts": null
          },
          "sensitive_attributes": [],
          "private": "eyJlMmJmYjczMC1lY2FhLTExZTYtOGY4OC0zNDM2M2JjN2M0YzAiOnsiY3JlYXRlIjozMDAwMDAwMDAwMDAsImRlbGV0ZSI6NzIwMDAwMDAwMDAwMCwidXBkYXRlIjo3MjAwMDAwMDAwMDAwfSwic2NoZW1hX3ZlcnNpb24iOiIxIn0="
        }
      ]
    },
    {
      "mode": "managed",
      "type": "aws_schemas_registry",
      "name": "clancy_schema_registry",
      "provider": "provider[\"registry.terraform.io/hashicorp/aws\"]",
      "instances": [
        {
          "schema_version": 0,
          "attributes": {
            "arn": "arn:aws:schemas:us-east-1:702853186114:registry/clancy-schema-registry-staging",
            "description": "Clancy schema registry",
            "id": "clancy-schema-registry-staging",
            "name": "clancy-schema-registry-staging",
            "region": "us-east-1",
            "tags": {},
            "tags_all": {}
          },
          "sensitive_attributes": [],
          "private": "bnVsbA=="
        }
      ]
    },
    {
      "mode": "managed",
      "type": "aws_schemas_schema",
      "name": "event_schema",
      "provider": "provider[\"registry.terraform.io/hashicorp/aws\"]",
      "instances": [
        {
          "schema_version": 0,
          "attributes": {
            "arn": "arn:aws:schemas:us-east-1:702853186114:schema/clancy-schema-registry-staging/event_schema",
            "content": "{\"components\":{\"schemas\":{\"Event\":{\"properties\":{\"data\":{\"type\":\"object\"},\"event_time\":{\"type\":\"number\"},\"type\":{\"type\":\"string\"}},\"type\":\"object\"}}},\"info\":{\"title\":\"Event\",\"version\":\"1.0.0\"},\"openapi\":\"3.0.0\",\"paths\":{}}",
            "description": "The schema definition for event",
            "id": "event_schema/clancy-schema-registry-staging",
            "last_modified": "2025-07-17T18:19:56Z",
            "name": "event_schema",
            "region": "us-east-1",
            "registry_name": "clancy-schema-registry-staging",
            "tags": {},
            "tags_all": {},
            "type": "OpenApi3",
            "version": "1",
            "version_created_date": "2025-07-17T18:19:56Z"
          },
          "sensitive_attributes": [],
          "private": "bnVsbA==",
          "dependencies": [
            "aws_schemas_registry.clancy_schema_registry"
          ]
        }
      ]
    },
    {
      "mode": "managed",
      "type": "google_pubsub_subscription",
      "name": "clancy_connect_hub_staging",
      "provider": "provider[\"registry.terraform.io/hashicorp/google\"].google",
      "instances": [
        {
          "schema_version": 0,
          "attributes": {
            "ack_deadline_seconds": 10,
            "bigquery_config": [],
            "cloud_storage_config": [],
            "dead_letter_policy": [],
            "effective_labels": {
              "goog-terraform-provisioned": "true"
            },
            "enable_exactly_once_delivery": false,
            "enable_message_ordering": false,
            "expiration_policy": [
              {
                "ttl": "2678400s"
              }
            ],
            "filter": "",
            "id": "projects/clancy-464816/subscriptions/clancy-connect-hub-staging-subscription",
            "labels": {},
            "message_retention_duration": "604800s",
            "message_transforms": [],
            "name": "clancy-connect-hub-staging-subscription",
            "project": "clancy-464816",
            "push_config": [
              {
                "attributes": {},
                "no_wrapper": [],
                "oidc_token": [],
                "push_endpoint": "https://clancy-connect-hub-staging.onrender.com/webhook"
              }
            ],
            "retain_acked_messages": false,
            "retry_policy": [],
            "terraform_labels": {
              "goog-terraform-provisioned": "true"
            },
            "timeouts": null,
            "topic": "projects/clancy-464816/topics/clancy-connect-hub-staging"
          },
          "sensitive_attributes": [],
          "private": "eyJlMmJmYjczMC1lY2FhLTExZTYtOGY4OC0zNDM2M2JjN2M0YzAiOnsiY3JlYXRlIjoxMjAwMDAwMDAwMDAwLCJkZWxldGUiOjEyMDAwMDAwMDAwMDAsInVwZGF0ZSI6MTIwMDAwMDAwMDAwMH19",
          "dependencies": [
            "google_pubsub_topic.clancy_connect_hub_staging"
          ]
        }
      ]
    },
    {
      "mode": "managed",
      "type": "google_pubsub_topic",
      "name": "clancy_connect_hub_staging",
      "provider": "provider[\"registry.terraform.io/hashicorp/google\"].google",
      "instances": [
        {
          "schema_version": 0,
          "attributes": {
            "effective_labels": {
              "goog-terraform-provisioned": "true"
            },
            "id": "projects/clancy-464816/topics/clancy-connect-hub-staging",
            "ingestion_data_source_settings": [],
            "kms_key_name": "",
            "labels": {},
            "message_retention_duration": "",
            "message_storage_policy": [],
            "message_transforms": [],
            "name": "clancy-connect-hub-staging",
            "project": "clancy-464816",
            "schema_settings": [],
            "terraform_labels": {
              "goog-terraform-provisioned": "true"
            },
            "timeouts": null
          },
          "sensitive_attributes": [],
          "private": "eyJlMmJmYjczMC1lY2FhLTExZTYtOGY4OC0zNDM2M2JjN2M0YzAiOnsiY3JlYXRlIjoxMjAwMDAwMDAwMDAwLCJkZWxldGUiOjEyMDAwMDAwMDAwMDAsInVwZGF0ZSI6MTIwMDAwMDAwMDAwMH19"
        }
      ]
    },
    {
      "module": "module.lambdas",
      "mode": "data",
      "type": "archive_file",
      "name": "agent_enrichment",
      "provider": "provider[\"registry.terraform.io/hashicorp/archive\"]",
      "instances": [
        {
          "schema_version": 0,
          "attributes": {
            "exclude_symlink_directories": null,
            "excludes": null,
            "id": "9085b6bc56ce6ad960b23eb41c4b55e9c562999c",
            "output_base64sha256": "1qvx/j6rpgJWX96pewGX3xUNkBLk7ecLhpqOq1fHXEE=",
            "output_base64sha512": "jFLcdfUEY8S0/fgIg7qQ27KVtmk0/6iBY/8UbaK1uXUZ9eKkEQclqq0GsbVLawUm84upyy0nfvl0KA1Ma7awqw==",
            "output_file_mode": null,
            "output_md5": "353ec8f1e0d91f4e697ad2ea7cc9a587",
            "output_path": "./../../../lambdas/dist/agent-enrichment.zip",
            "output_sha": "9085b6bc56ce6ad960b23eb41c4b55e9c562999c",
            "output_sha256": "d6abf1fe3eaba602565fdea97b0197df150d9012e4ede70b869a8eab57c75c41",
            "output_sha512": "8c52dc75f50463c4b4fdf80883ba90dbb295b66934ffa88163ff146da2b5b97519f5e2a4110725aaad06b1b54b6b0526f38ba9cb2d277ef974280d4c6bb6b0ab",
            "output_size": 499775,
            "source": [],
            "source_content": null,
            "source_content_filename": null,
            "source_dir": "./../../../lambdas/dist/agent-enrichment",
            "source_file": null,
            "type": "zip"
          },
          "sensitive_attributes": []
        }
      ]
    },
    {
      "module": "module.lambdas",
      "mode": "data",
      "type": "archive_file",
      "name": "graph_creator_executor",
      "provider": "provider[\"registry.terraform.io/hashicorp/archive\"]",
      "instances": [
        {
          "schema_version": 0,
          "attributes": {
            "exclude_symlink_directories": null,
            "excludes": null,
            "id": "fcb740fe7589fb67609e358df22b77456483074f",
            "output_base64sha256": "OjJssh+4jTBSiEtf9j/OiSGoPYi22sN0CONxGhKYohU=",
            "output_base64sha512": "2Q49OcZl8OjLamsmHkadYoUWlIg6En7Ydp2GEDmDXYe54df0dXIIUu5NvhENtNI75dlhif9X6WoIPIVeovBH8g==",
            "output_file_mode": null,
            "output_md5": "84f0af27d3bbc86b379825bbc822e84f",
            "output_path": "./../../../lambdas/dist/graph-creator-executor.zip",
            "output_sha": "fcb740fe7589fb67609e358df22b77456483074f",
            "output_sha256": "3a326cb21fb88d3052884b5ff63fce8921a83d88b6dac37408e3711a1298a215",
            "output_sha512": "d90e3d39c665f0e8cb6a6b261e469d62851694883a127ed8769d861039835d87b9e1d7f475720852ee4dbe110db4d23be5d96189ff57e96a083c855ea2f047f2",
            "output_size": 511349,
            "source": [],
            "source_content": null,
            "source_content_filename": null,
            "source_dir": "./../../../lambdas/dist/graph-creator-executor",
            "source_file": null,
            "type": "zip"
          },
          "sensitive_attributes": []
        }
      ]
    },
    {
      "module": "module.lambdas",
      "mode": "data",
      "type": "archive_file",
      "name": "main_agent_executor",
      "provider": "provider[\"registry.terraform.io/hashicorp/archive\"]",
      "instances": [
        {
          "schema_version": 0,
          "attributes": {
            "exclude_symlink_directories": null,
            "excludes": null,
            "id": "194eb7ae1c788a3eaef0df53c538b094c8e60e77",
            "output_base64sha256": "iEWyFuEusw4HJGz2vtItPMLFh8PPuA+4LOZruE9HQ6o=",
            "output_base64sha512": "GRTmarLDspsg2nF1HSgIK1TXSaps4T7NShXtTAmCKz+sQRrvNHXmZcLbJhUbKO1f8iiXOPhLE2scEJ27nn97tA==",
            "output_file_mode": null,
            "output_md5": "55506311877da12de0253b49ce42b122",
            "output_path": "./../../../lambdas/dist/main-agent-executor.zip",
            "output_sha": "194eb7ae1c788a3eaef0df53c538b094c8e60e77",
            "output_sha256": "8845b216e12eb30e07246cf6bed22d3cc2c587c3cfb80fb82ce66bb84f4743aa",
            "output_sha512": "1914e66ab2c3b29b20da71751d28082b54d749aa6ce13ecd4a15ed4c09822b3fac411aef3475e665c2db26151b28ed5ff2289738f84b136b1c109dbb9e7f7bb4",
            "output_size": 512363,
            "source": [],
            "source_content": null,
            "source_content_filename": null,
            "source_dir": "./../../../lambdas/dist/main-agent-executor",
            "source_file": null,
            "type": "zip"
          },
          "sensitive_attributes": []
        }
      ]
    },
    {
      "module": "module.lambdas",
      "mode": "managed",
      "type": "aws_cloudwatch_log_group",
      "name": "agent_enrichment",
      "provider": "provider[\"registry.terraform.io/hashicorp/aws\"]",
      "instances": [
        {
          "schema_version": 0,
          "attributes": {
            "arn": "arn:aws:logs:us-east-1:702853186114:log-group:/aws/lambda/clancy-staging-agent-enrichment",
            "id": "/aws/lambda/clancy-staging-agent-enrichment",
            "kms_key_id": "",
            "log_group_class": "STANDARD",
            "name": "/aws/lambda/clancy-staging-agent-enrichment",
            "name_prefix": "",
            "region": "us-east-1",
            "retention_in_days": 14,
            "skip_destroy": false,
            "tags": {
              "Environment": "staging",
              "ManagedBy": "terraform",
              "Module": "lambdas",
              "Project": "clancy"
            },
            "tags_all": {
              "Environment": "staging",
              "ManagedBy": "terraform",
              "Module": "lambdas",
              "Project": "clancy"
            }
          },
          "sensitive_attributes": [],
          "private": "bnVsbA=="
        }
      ]
    },
    {
      "module": "module.lambdas",
      "mode": "managed",
      "type": "aws_cloudwatch_log_group",
      "name": "graph_creator_executor",
      "provider": "provider[\"registry.terraform.io/hashicorp/aws\"]",
      "instances": [
        {
          "schema_version": 0,
          "attributes": {
            "arn": "arn:aws:logs:us-east-1:702853186114:log-group:/aws/lambda/clancy-staging-graph-creator-executor",
            "id": "/aws/lambda/clancy-staging-graph-creator-executor",
            "kms_key_id": "",
            "log_group_class": "STANDARD",
            "name": "/aws/lambda/clancy-staging-graph-creator-executor",
            "name_prefix": "",
            "region": "us-east-1",
            "retention_in_days": 14,
            "skip_destroy": false,
            "tags": {
              "Environment": "staging",
              "ManagedBy": "terraform",
              "Module": "lambdas",
              "Project": "clancy"
            },
            "tags_all": {
              "Environment": "staging",
              "ManagedBy": "terraform",
              "Module": "lambdas",
              "Project": "clancy"
            }
          },
          "sensitive_attributes": [],
          "private": "bnVsbA=="
        }
      ]
    },
    {
      "module": "module.lambdas",
      "mode": "managed",
      "type": "aws_cloudwatch_log_group",
      "name": "main_agent_executor",
      "provider": "provider[\"registry.terraform.io/hashicorp/aws\"]",
      "instances": [
        {
          "schema_version": 0,
          "attributes": {
            "arn": "arn:aws:logs:us-east-1:702853186114:log-group:/aws/lambda/clancy-staging-main-agent-executor",
            "id": "/aws/lambda/clancy-staging-main-agent-executor",
            "kms_key_id": "",
            "log_group_class": "STANDARD",
            "name": "/aws/lambda/clancy-staging-main-agent-executor",
            "name_prefix": "",
            "region": "us-east-1",
            "retention_in_days": 14,
            "skip_destroy": false,
            "tags": {
              "Environment": "staging",
              "ManagedBy": "terraform",
              "Module": "lambdas",
              "Project": "clancy"
            },
            "tags_all": {
              "Environment": "staging",
              "ManagedBy": "terraform",
              "Module": "lambdas",
              "Project": "clancy"
            }
          },
          "sensitive_attributes": [],
          "private": "bnVsbA=="
        }
      ]
    },
    {
      "module": "module.lambdas",
      "mode": "managed",
      "type": "aws_iam_role",
      "name": "lambda_execution_role",
      "provider": "provider[\"registry.terraform.io/hashicorp/aws\"]",
      "instances": [
        {
          "schema_version": 0,
          "attributes": {
            "arn": "arn:aws:iam::702853186114:role/clancy-staging-lambda-execution-role",
            "assume_role_policy": "{\"Statement\":[{\"Action\":\"sts:AssumeRole\",\"Effect\":\"Allow\",\"Principal\":{\"Service\":\"lambda.amazonaws.com\"}}],\"Version\":\"2012-10-17\"}",
            "create_date": "2025-07-17T19:41:21Z",
            "description": "",
            "force_detach_policies": false,
            "id": "clancy-staging-lambda-execution-role",
            "inline_policy": [
              {
                "name": "clancy-staging-lambda-kinesis-policy",
                "policy": "{\"Version\":\"2012-10-17\",\"Statement\":[{\"Action\":[\"kinesis:PutRecord\",\"kinesis:PutRecords\"],\"Effect\":\"Allow\",\"Resource\":\"arn:aws:kinesis:us-east-1:702853186114:stream/clancy-main-staging\"}]}"
              }
            ],
            "managed_policy_arns": [
              "arn:aws:iam::aws:policy/service-role/AWSLambdaBasicExecutionRole",
              "arn:aws:iam::aws:policy/service-role/AWSLambdaVPCAccessExecutionRole"
            ],
            "max_session_duration": 3600,
            "name": "clancy-staging-lambda-execution-role",
            "name_prefix": "",
            "path": "/",
            "permissions_boundary": "",
            "tags": {
              "Environment": "staging",
              "ManagedBy": "terraform",
              "Module": "lambdas",
              "Project": "clancy"
            },
            "tags_all": {
              "Environment": "staging",
              "ManagedBy": "terraform",
              "Module": "lambdas",
              "Project": "clancy"
            },
            "unique_id": "AROA2HJKQQJBJV52GMNK3"
          },
          "sensitive_attributes": [],
          "private": "bnVsbA=="
        }
      ]
    },
    {
      "module": "module.lambdas",
      "mode": "managed",
      "type": "aws_iam_role_policy",
      "name": "kinesis_publish",
      "provider": "provider[\"registry.terraform.io/hashicorp/aws\"]",
      "instances": [
        {
          "schema_version": 0,
          "attributes": {
            "id": "clancy-staging-lambda-execution-role:clancy-staging-lambda-kinesis-policy",
            "name": "clancy-staging-lambda-kinesis-policy",
            "name_prefix": "",
            "policy": "{\"Version\":\"2012-10-17\",\"Statement\":[{\"Action\":[\"kinesis:PutRecord\",\"kinesis:PutRecords\"],\"Effect\":\"Allow\",\"Resource\":\"arn:aws:kinesis:us-east-1:702853186114:stream/clancy-main-staging\"}]}",
            "role": "clancy-staging-lambda-execution-role"
          },
          "sensitive_attributes": [],
          "private": "bnVsbA==",
          "dependencies": [
            "aws_kinesis_stream.clancy_stream",
            "module.lambdas.aws_iam_role.lambda_execution_role"
          ]
        }
      ]
    },
    {
      "module": "module.lambdas",
      "mode": "managed",
      "type": "aws_iam_role_policy_attachment",
      "name": "lambda_basic_execution",
      "provider": "provider[\"registry.terraform.io/hashicorp/aws\"]",
      "instances": [
        {
          "schema_version": 0,
          "attributes": {
            "id": "clancy-staging-lambda-execution-role/arn:aws:iam::aws:policy/service-role/AWSLambdaBasicExecutionRole",
            "policy_arn": "arn:aws:iam::aws:policy/service-role/AWSLambdaBasicExecutionRole",
            "role": "clancy-staging-lambda-execution-role"
          },
          "sensitive_attributes": [],
          "private": "bnVsbA==",
          "dependencies": [
            "module.lambdas.aws_iam_role.lambda_execution_role"
          ]
        }
      ]
    },
    {
      "module": "module.lambdas",
      "mode": "managed",
      "type": "aws_iam_role_policy_attachment",
      "name": "lambda_vpc_access",
      "provider": "provider[\"registry.terraform.io/hashicorp/aws\"]",
      "instances": [
        {
          "index_key": 0,
          "schema_version": 0,
          "attributes": {
            "id": "clancy-staging-lambda-execution-role/arn:aws:iam::aws:policy/service-role/AWSLambdaVPCAccessExecutionRole",
            "policy_arn": "arn:aws:iam::aws:policy/service-role/AWSLambdaVPCAccessExecutionRole",
            "role": "clancy-staging-lambda-execution-role"
          },
          "sensitive_attributes": [],
          "private": "bnVsbA==",
          "dependencies": [
            "module.lambdas.aws_iam_role.lambda_execution_role",
            "module.shared.aws_subnet.subnet_private_2a",
            "module.shared.aws_subnet.subnet_private_2b",
            "module.shared.aws_subnet.subnet_private_2c",
            "module.shared.aws_vpc.vpc"
          ]
        }
      ]
    },
    {
      "module": "module.lambdas",
      "mode": "managed",
      "type": "aws_lambda_function",
      "name": "agent_enrichment",
      "provider": "provider[\"registry.terraform.io/hashicorp/aws\"]",
      "instances": [
        {
          "schema_version": 0,
          "attributes": {
            "architectures": [
              "x86_64"
            ],
            "arn": "arn:aws:lambda:us-east-1:702853186114:function:clancy-staging-agent-enrichment",
            "code_sha256": "1qvx/j6rpgJWX96pewGX3xUNkBLk7ecLhpqOq1fHXEE=",
            "code_signing_config_arn": "",
            "dead_letter_config": [],
            "description": "",
            "environment": [
              {
                "variables": {
                  "AGENTS_CORE_API_URL": "https://agents-core-staging.onrender.com",
                  "KINESIS_STREAM_NAME": "clancy-main-staging",
                  "NODE_ENV": "staging"
                }
              }
            ],
            "ephemeral_storage": [
              {
                "size": 512
              }
            ],
            "file_system_config": [],
            "filename": "./../../../lambdas/dist/agent-enrichment.zip",
            "function_name": "clancy-staging-agent-enrichment",
            "handler": "handler.lambdaHandler",
            "id": "clancy-staging-agent-enrichment",
            "image_config": [],
            "image_uri": "",
            "invoke_arn": "arn:aws:apigateway:us-east-1:lambda:path/2015-03-31/functions/arn:aws:lambda:us-east-1:702853186114:function:clancy-staging-agent-enrichment/invocations",
            "kms_key_arn": "",
            "last_modified": "2025-07-17T19:47:45.000+0000",
            "layers": [],
            "logging_config": [
              {
                "application_log_level": "",
                "log_format": "Text",
                "log_group": "/aws/lambda/clancy-staging-agent-enrichment",
                "system_log_level": ""
              }
            ],
            "memory_size": 512,
            "package_type": "Zip",
            "publish": false,
            "qualified_arn": "arn:aws:lambda:us-east-1:702853186114:function:clancy-staging-agent-enrichment:$LATEST",
            "qualified_invoke_arn": "arn:aws:apigateway:us-east-1:lambda:path/2015-03-31/functions/arn:aws:lambda:us-east-1:702853186114:function:clancy-staging-agent-enrichment:$LATEST/invocations",
            "region": "us-east-1",
            "replace_security_groups_on_destroy": null,
            "replacement_security_group_ids": null,
            "reserved_concurrent_executions": -1,
            "role": "arn:aws:iam::702853186114:role/clancy-staging-lambda-execution-role",
            "runtime": "nodejs22.x",
            "s3_bucket": null,
            "s3_key": null,
            "s3_object_version": null,
            "signing_job_arn": "",
            "signing_profile_version_arn": "",
            "skip_destroy": false,
            "snap_start": [],
            "source_code_hash": "1qvx/j6rpgJWX96pewGX3xUNkBLk7ecLhpqOq1fHXEE=",
            "source_code_size": 499775,
            "tags": {
              "Environment": "staging",
              "ManagedBy": "terraform",
              "Module": "lambdas",
              "Project": "clancy"
            },
            "tags_all": {
              "Environment": "staging",
              "ManagedBy": "terraform",
              "Module": "lambdas",
              "Project": "clancy"
            },
            "timeout": 30,
            "timeouts": null,
            "tracing_config": [
              {
                "mode": "PassThrough"
              }
            ],
            "version": "$LATEST",
            "vpc_config": [
              {
                "ipv6_allowed_for_dual_stack": false,
                "security_group_ids": [
                  "sg-0720c41f1ac488c4d"
                ],
                "subnet_ids": [
                  "subnet-039fd5720e8b2acfd",
                  "subnet-0f1e678f97eafd931"
                ],
                "vpc_id": "vpc-06c5fa8b3c9768876"
              }
            ]
          },
          "sensitive_attributes": [],
          "private": "eyJlMmJmYjczMC1lY2FhLTExZTYtOGY4OC0zNDM2M2JjN2M0YzAiOnsiY3JlYXRlIjo2MDAwMDAwMDAwMDAsImRlbGV0ZSI6NjAwMDAwMDAwMDAwLCJ1cGRhdGUiOjYwMDAwMDAwMDAwMH19",
          "dependencies": [
            "module.lambdas.aws_cloudwatch_log_group.agent_enrichment",
            "module.lambdas.aws_iam_role.lambda_execution_role",
            "module.lambdas.aws_iam_role_policy_attachment.lambda_basic_execution",
            "module.lambdas.data.archive_file.agent_enrichment",
            "module.lambdas.null_resource.build_lambdas",
            "module.shared.aws_security_group.shared_sg",
            "module.shared.aws_subnet.subnet_private_2a",
            "module.shared.aws_subnet.subnet_private_2b",
            "module.shared.aws_subnet.subnet_private_2c",
            "module.shared.aws_vpc.vpc"
          ]
        }
      ]
    },
    {
      "module": "module.lambdas",
      "mode": "managed",
      "type": "aws_lambda_function",
      "name": "graph_creator_executor",
      "provider": "provider[\"registry.terraform.io/hashicorp/aws\"]",
      "instances": [
        {
          "schema_version": 0,
          "attributes": {
            "architectures": [
              "x86_64"
            ],
            "arn": "arn:aws:lambda:us-east-1:702853186114:function:clancy-staging-graph-creator-executor",
            "code_sha256": "OjJssh+4jTBSiEtf9j/OiSGoPYi22sN0CONxGhKYohU=",
            "code_signing_config_arn": "",
            "dead_letter_config": [],
            "description": "",
            "environment": [
              {
                "variables": {
                  "CONNECT_HUB_API_URL": "https://clancy-connect-hub-staging.onrender.com",
                  "KINESIS_STREAM_NAME": "clancy-main-staging",
                  "NODE_ENV": "staging"
                }
              }
            ],
            "ephemeral_storage": [
              {
                "size": 512
              }
            ],
            "file_system_config": [],
            "filename": "./../../../lambdas/dist/graph-creator-executor.zip",
            "function_name": "clancy-staging-graph-creator-executor",
            "handler": "handler.lambdaHandler",
            "id": "clancy-staging-graph-creator-executor",
            "image_config": [],
            "image_uri": "",
            "invoke_arn": "arn:aws:apigateway:us-east-1:lambda:path/2015-03-31/functions/arn:aws:lambda:us-east-1:702853186114:function:clancy-staging-graph-creator-executor/invocations",
            "kms_key_arn": "",
            "last_modified": "2025-07-17T19:47:52.000+0000",
            "layers": [],
            "logging_config": [
              {
                "application_log_level": "",
                "log_format": "Text",
                "log_group": "/aws/lambda/clancy-staging-graph-creator-executor",
                "system_log_level": ""
              }
            ],
            "memory_size": 512,
            "package_type": "Zip",
            "publish": false,
            "qualified_arn": "arn:aws:lambda:us-east-1:702853186114:function:clancy-staging-graph-creator-executor:$LATEST",
            "qualified_invoke_arn": "arn:aws:apigateway:us-east-1:lambda:path/2015-03-31/functions/arn:aws:lambda:us-east-1:702853186114:function:clancy-staging-graph-creator-executor:$LATEST/invocations",
            "region": "us-east-1",
            "replace_security_groups_on_destroy": null,
            "replacement_security_group_ids": null,
            "reserved_concurrent_executions": -1,
            "role": "arn:aws:iam::702853186114:role/clancy-staging-lambda-execution-role",
            "runtime": "nodejs22.x",
            "s3_bucket": null,
            "s3_key": null,
            "s3_object_version": null,
            "signing_job_arn": "",
            "signing_profile_version_arn": "",
            "skip_destroy": false,
            "snap_start": [],
            "source_code_hash": "OjJssh+4jTBSiEtf9j/OiSGoPYi22sN0CONxGhKYohU=",
            "source_code_size": 511349,
            "tags": {
              "Environment": "staging",
              "ManagedBy": "terraform",
              "Module": "lambdas",
              "Project": "clancy"
            },
            "tags_all": {
              "Environment": "staging",
              "ManagedBy": "terraform",
              "Module": "lambdas",
              "Project": "clancy"
            },
            "timeout": 300,
            "timeouts": null,
            "tracing_config": [
              {
                "mode": "PassThrough"
              }
            ],
            "version": "$LATEST",
            "vpc_config": [
              {
                "ipv6_allowed_for_dual_stack": false,
                "security_group_ids": [
                  "sg-0720c41f1ac488c4d"
                ],
                "subnet_ids": [
                  "subnet-039fd5720e8b2acfd",
                  "subnet-0f1e678f97eafd931"
                ],
                "vpc_id": "vpc-06c5fa8b3c9768876"
              }
            ]
          },
          "sensitive_attributes": [],
          "private": "eyJlMmJmYjczMC1lY2FhLTExZTYtOGY4OC0zNDM2M2JjN2M0YzAiOnsiY3JlYXRlIjo2MDAwMDAwMDAwMDAsImRlbGV0ZSI6NjAwMDAwMDAwMDAwLCJ1cGRhdGUiOjYwMDAwMDAwMDAwMH19",
          "dependencies": [
            "module.lambdas.aws_cloudwatch_log_group.graph_creator_executor",
            "module.lambdas.aws_iam_role.lambda_execution_role",
            "module.lambdas.aws_iam_role_policy_attachment.lambda_basic_execution",
            "module.lambdas.data.archive_file.graph_creator_executor",
            "module.lambdas.null_resource.build_lambdas",
            "module.shared.aws_security_group.shared_sg",
            "module.shared.aws_subnet.subnet_private_2a",
            "module.shared.aws_subnet.subnet_private_2b",
            "module.shared.aws_subnet.subnet_private_2c",
            "module.shared.aws_vpc.vpc"
          ]
        }
      ]
    },
    {
      "module": "module.lambdas",
      "mode": "managed",
      "type": "aws_lambda_function",
      "name": "main_agent_executor",
      "provider": "provider[\"registry.terraform.io/hashicorp/aws\"]",
      "instances": [
        {
          "schema_version": 0,
          "attributes": {
            "architectures": [
              "x86_64"
            ],
            "arn": "arn:aws:lambda:us-east-1:702853186114:function:clancy-staging-main-agent-executor",
            "code_sha256": "iEWyFuEusw4HJGz2vtItPMLFh8PPuA+4LOZruE9HQ6o=",
            "code_signing_config_arn": "",
            "dead_letter_config": [],
            "description": "",
            "environment": [
              {
                "variables": {
                  "CONNECT_HUB_API_URL": "https://clancy-connect-hub-staging.onrender.com",
                  "KINESIS_STREAM_NAME": "clancy-main-staging",
                  "NODE_ENV": "staging"
                }
              }
            ],
            "ephemeral_storage": [
              {
                "size": 512
              }
            ],
            "file_system_config": [],
            "filename": "./../../../lambdas/dist/main-agent-executor.zip",
            "function_name": "clancy-staging-main-agent-executor",
            "handler": "handler.lambdaHandler",
            "id": "clancy-staging-main-agent-executor",
            "image_config": [],
            "image_uri": "",
            "invoke_arn": "arn:aws:apigateway:us-east-1:lambda:path/2015-03-31/functions/arn:aws:lambda:us-east-1:702853186114:function:clancy-staging-main-agent-executor/invocations",
            "kms_key_arn": "",
            "last_modified": "2025-07-17T19:47:58.000+0000",
            "layers": [],
            "logging_config": [
              {
                "application_log_level": "",
                "log_format": "Text",
                "log_group": "/aws/lambda/clancy-staging-main-agent-executor",
                "system_log_level": ""
              }
            ],
            "memory_size": 512,
            "package_type": "Zip",
            "publish": false,
            "qualified_arn": "arn:aws:lambda:us-east-1:702853186114:function:clancy-staging-main-agent-executor:$LATEST",
            "qualified_invoke_arn": "arn:aws:apigateway:us-east-1:lambda:path/2015-03-31/functions/arn:aws:lambda:us-east-1:702853186114:function:clancy-staging-main-agent-executor:$LATEST/invocations",
            "region": "us-east-1",
            "replace_security_groups_on_destroy": null,
            "replacement_security_group_ids": null,
            "reserved_concurrent_executions": -1,
            "role": "arn:aws:iam::702853186114:role/clancy-staging-lambda-execution-role",
            "runtime": "nodejs22.x",
            "s3_bucket": null,
            "s3_key": null,
            "s3_object_version": null,
            "signing_job_arn": "",
            "signing_profile_version_arn": "",
            "skip_destroy": false,
            "snap_start": [],
            "source_code_hash": "iEWyFuEusw4HJGz2vtItPMLFh8PPuA+4LOZruE9HQ6o=",
            "source_code_size": 512363,
            "tags": {
              "Environment": "staging",
              "ManagedBy": "terraform",
              "Module": "lambdas",
              "Project": "clancy"
            },
            "tags_all": {
              "Environment": "staging",
              "ManagedBy": "terraform",
              "Module": "lambdas",
              "Project": "clancy"
            },
            "timeout": 300,
            "timeouts": null,
            "tracing_config": [
              {
                "mode": "PassThrough"
              }
            ],
            "version": "$LATEST",
            "vpc_config": [
              {
                "ipv6_allowed_for_dual_stack": false,
                "security_group_ids": [
                  "sg-0720c41f1ac488c4d"
                ],
                "subnet_ids": [
                  "subnet-039fd5720e8b2acfd",
                  "subnet-0f1e678f97eafd931"
                ],
                "vpc_id": "vpc-06c5fa8b3c9768876"
              }
            ]
          },
          "sensitive_attributes": [],
          "private": "eyJlMmJmYjczMC1lY2FhLTExZTYtOGY4OC0zNDM2M2JjN2M0YzAiOnsiY3JlYXRlIjo2MDAwMDAwMDAwMDAsImRlbGV0ZSI6NjAwMDAwMDAwMDAwLCJ1cGRhdGUiOjYwMDAwMDAwMDAwMH19",
          "dependencies": [
            "module.lambdas.aws_cloudwatch_log_group.main_agent_executor",
            "module.lambdas.aws_iam_role.lambda_execution_role",
            "module.lambdas.aws_iam_role_policy_attachment.lambda_basic_execution",
            "module.lambdas.data.archive_file.main_agent_executor",
            "module.lambdas.null_resource.build_lambdas",
            "module.shared.aws_security_group.shared_sg",
            "module.shared.aws_subnet.subnet_private_2a",
            "module.shared.aws_subnet.subnet_private_2b",
            "module.shared.aws_subnet.subnet_private_2c",
            "module.shared.aws_vpc.vpc"
          ]
        }
      ]
    },
    {
      "module": "module.lambdas",
      "mode": "managed",
      "type": "null_resource",
      "name": "build_lambdas",
      "provider": "provider[\"registry.terraform.io/hashicorp/null\"]",
      "instances": [
        {
          "schema_version": 0,
          "attributes": {
            "id": "6602949008451960639",
            "triggers": {
              "package_json": "f8e5bde330f549b9cc77cee69bee766e",
              "source_hash": "894ccd9747658784758fe0092d3cd31a"
            }
          },
          "sensitive_attributes": []
        }
      ]
    },
    {
      "module": "module.shared",
      "mode": "data",
      "type": "aws_caller_identity",
      "name": "current",
      "provider": "provider[\"registry.terraform.io/hashicorp/aws\"]",
      "instances": [
        {
          "schema_version": 0,
          "attributes": {
            "account_id": "702853186114",
            "arn": "arn:aws:iam::702853186114:user/petefrance",
            "id": "702853186114",
            "user_id": "AIDAIIQCDGUDFK2J4BQFQ"
          },
          "sensitive_attributes": []
        }
      ]
    },
    {
      "module": "module.shared",
      "mode": "managed",
      "type": "aws_cloudwatch_log_group",
      "name": "clancy_ecs_cluster_log_group",
      "provider": "provider[\"registry.terraform.io/hashicorp/aws\"]",
      "instances": [
        {
          "schema_version": 0,
          "attributes": {
            "arn": "arn:aws:logs:us-east-1:702853186114:log-group:/aws/ecs/clancy-cluster-staging",
            "id": "/aws/ecs/clancy-cluster-staging",
            "kms_key_id": "",
            "log_group_class": "STANDARD",
            "name": "/aws/ecs/clancy-cluster-staging",
            "name_prefix": "",
            "region": "us-east-1",
            "retention_in_days": 0,
            "skip_destroy": false,
            "tags": {},
            "tags_all": {}
          },
          "sensitive_attributes": [],
          "private": "bnVsbA=="
        }
      ]
    },
    {
      "module": "module.shared",
      "mode": "managed",
      "type": "aws_ecs_cluster",
      "name": "clancy_ecs_cluster",
      "provider": "provider[\"registry.terraform.io/hashicorp/aws\"]",
      "instances": [
        {
          "schema_version": 0,
          "attributes": {
            "arn": "arn:aws:ecs:us-east-1:702853186114:cluster/clancy_staging",
            "configuration": [
              {
                "execute_command_configuration": [
                  {
                    "kms_key_id": "",
                    "log_configuration": [
                      {
                        "cloud_watch_encryption_enabled": false,
                        "cloud_watch_log_group_name": "/aws/ecs/clancy-cluster-staging",
                        "s3_bucket_encryption_enabled": false,
                        "s3_bucket_name": "",
                        "s3_key_prefix": ""
                      }
                    ],
                    "logging": "OVERRIDE"
                  }
                ],
                "managed_storage_configuration": []
              }
            ],
            "id": "arn:aws:ecs:us-east-1:702853186114:cluster/clancy_staging",
            "name": "clancy_staging",
            "region": "us-east-1",
            "service_connect_defaults": [
              {
                "namespace": "arn:aws:servicediscovery:us-east-1:702853186114:namespace/ns-c347fxg5h2guji2e"
              }
            ],
            "setting": [
              {
                "name": "containerInsights",
                "value": "disabled"
              }
            ],
            "tags": {},
            "tags_all": {}
          },
          "sensitive_attributes": [],
          "private": "bnVsbA==",
          "dependencies": [
            "module.shared.aws_cloudwatch_log_group.clancy_ecs_cluster_log_group",
            "module.shared.aws_service_discovery_private_dns_namespace.clancy",
            "module.shared.aws_vpc.vpc"
          ]
        }
      ]
    },
    {
      "module": "module.shared",
      "mode": "managed",
      "type": "aws_eip",
      "name": "nat_2a",
      "provider": "provider[\"registry.terraform.io/hashicorp/aws\"]",
      "instances": [
        {
          "index_key": 0,
          "schema_version": 0,
          "attributes": {
            "address": null,
            "allocation_id": "eipalloc-024daf4a5fccf9e25",
            "arn": "arn:aws:ec2:us-east-1:702853186114:elastic-ip/eipalloc-024daf4a5fccf9e25",
            "associate_with_private_ip": null,
            "association_id": "eipassoc-0440711f7cf8b8a66",
            "carrier_ip": "",
            "customer_owned_ip": "",
            "customer_owned_ipv4_pool": "",
            "domain": "vpc",
            "id": "eipalloc-024daf4a5fccf9e25",
            "instance": "",
            "ipam_pool_id": null,
            "network_border_group": "us-east-1",
            "network_interface": "eni-0cc0f75896b5a3e04",
            "private_dns": "ip-10-0-1-214.ec2.internal",
            "private_ip": "10.0.1.214",
            "ptr_record": "",
            "public_dns": "ec2-52-3-89-166.compute-1.amazonaws.com",
            "public_ip": "52.3.89.166",
            "public_ipv4_pool": "amazon",
            "region": "us-east-1",
            "tags": {},
            "tags_all": {},
            "timeouts": null
          },
          "sensitive_attributes": [],
          "private": "eyJlMmJmYjczMC1lY2FhLTExZTYtOGY4OC0zNDM2M2JjN2M0YzAiOnsiZGVsZXRlIjoxODAwMDAwMDAwMDAsInJlYWQiOjkwMDAwMDAwMDAwMCwidXBkYXRlIjozMDAwMDAwMDAwMDB9fQ=="
        }
      ]
    },
    {
      "module": "module.shared",
      "mode": "managed",
      "type": "aws_eip",
      "name": "nat_2b",
      "provider": "provider[\"registry.terraform.io/hashicorp/aws\"]",
      "instances": [
        {
          "index_key": 0,
          "schema_version": 0,
          "attributes": {
            "address": null,
            "allocation_id": "eipalloc-091082b75ed872157",
            "arn": "arn:aws:ec2:us-east-1:702853186114:elastic-ip/eipalloc-091082b75ed872157",
            "associate_with_private_ip": null,
            "association_id": "eipassoc-0fe63821a1a8ce9f7",
            "carrier_ip": "",
            "customer_owned_ip": "",
            "customer_owned_ipv4_pool": "",
            "domain": "vpc",
            "id": "eipalloc-091082b75ed872157",
            "instance": "",
            "ipam_pool_id": null,
            "network_border_group": "us-east-1",
            "network_interface": "eni-0cde86e6e839864ae",
            "private_dns": "ip-10-0-4-170.ec2.internal",
            "private_ip": "10.0.4.170",
            "ptr_record": "",
            "public_dns": "ec2-13-223-216-217.compute-1.amazonaws.com",
            "public_ip": "13.223.216.217",
            "public_ipv4_pool": "amazon",
            "region": "us-east-1",
            "tags": {},
            "tags_all": {},
            "timeouts": null
          },
          "sensitive_attributes": [],
          "private": "eyJlMmJmYjczMC1lY2FhLTExZTYtOGY4OC0zNDM2M2JjN2M0YzAiOnsiZGVsZXRlIjoxODAwMDAwMDAwMDAsInJlYWQiOjkwMDAwMDAwMDAwMCwidXBkYXRlIjozMDAwMDAwMDAwMDB9fQ=="
        }
      ]
    },
    {
      "module": "module.shared",
      "mode": "managed",
      "type": "aws_internet_gateway",
      "name": "gw",
      "provider": "provider[\"registry.terraform.io/hashicorp/aws\"]",
      "instances": [
        {
          "schema_version": 0,
          "attributes": {
            "arn": "arn:aws:ec2:us-east-1:702853186114:internet-gateway/igw-079fa5a55bbbf3952",
            "id": "igw-079fa5a55bbbf3952",
            "owner_id": "702853186114",
            "region": "us-east-1",
            "tags": {},
            "tags_all": {},
            "timeouts": null,
            "vpc_id": "vpc-06c5fa8b3c9768876"
          },
          "sensitive_attributes": [],
          "private": "eyJlMmJmYjczMC1lY2FhLTExZTYtOGY4OC0zNDM2M2JjN2M0YzAiOnsiY3JlYXRlIjoxMjAwMDAwMDAwMDAwLCJkZWxldGUiOjEyMDAwMDAwMDAwMDAsInVwZGF0ZSI6MTIwMDAwMDAwMDAwMH19",
          "dependencies": [
            "module.shared.aws_vpc.vpc"
          ]
        }
      ]
    },
    {
      "module": "module.shared",
      "mode": "managed",
      "type": "aws_lb",
      "name": "shared_lb",
      "provider": "provider[\"registry.terraform.io/hashicorp/aws\"]",
      "instances": [
        {
          "schema_version": 0,
          "attributes": {
            "access_logs": [
              {
                "bucket": "clancy-lb-logs-staging",
                "enabled": true,
                "prefix": "access-logs"
              }
            ],
            "arn": "arn:aws:elasticloadbalancing:us-east-1:702853186114:loadbalancer/app/lb-staging/8523994a1104c5b7",
            "arn_suffix": "app/lb-staging/8523994a1104c5b7",
            "client_keep_alive": 3600,
            "connection_logs": [
              {
                "bucket": "",
                "enabled": false,
                "prefix": ""
              }
            ],
            "customer_owned_ipv4_pool": "",
            "desync_mitigation_mode": "defensive",
            "dns_name": "lb-staging-1620780934.us-east-1.elb.amazonaws.com",
            "dns_record_client_routing_policy": null,
            "drop_invalid_header_fields": false,
            "enable_cross_zone_load_balancing": true,
            "enable_deletion_protection": true,
            "enable_http2": true,
            "enable_tls_version_and_cipher_suite_headers": false,
            "enable_waf_fail_open": false,
            "enable_xff_client_port": false,
            "enable_zonal_shift": false,
            "enforce_security_group_inbound_rules_on_private_link_traffic": "",
            "id": "arn:aws:elasticloadbalancing:us-east-1:702853186114:loadbalancer/app/lb-staging/8523994a1104c5b7",
            "idle_timeout": 60,
            "internal": false,
            "ip_address_type": "ipv4",
            "ipam_pools": [],
            "load_balancer_type": "application",
            "minimum_load_balancer_capacity": [],
            "name": "lb-staging",
            "name_prefix": "",
            "preserve_host_header": false,
            "region": "us-east-1",
            "security_groups": [
              "sg-0720c41f1ac488c4d"
            ],
            "subnet_mapping": [
              {
                "allocation_id": "",
                "ipv6_address": "",
                "outpost_id": "",
                "private_ipv4_address": "",
                "subnet_id": "subnet-05a239abe923b3123"
              },
              {
                "allocation_id": "",
                "ipv6_address": "",
                "outpost_id": "",
                "private_ipv4_address": "",
                "subnet_id": "subnet-0ba1c698db13bad33"
              }
            ],
            "subnets": [
              "subnet-05a239abe923b3123",
              "subnet-0ba1c698db13bad33"
            ],
            "tags": {},
            "tags_all": {},
            "timeouts": null,
            "vpc_id": "vpc-06c5fa8b3c9768876",
            "xff_header_processing_mode": "append",
            "zone_id": "Z35SXDOTRQ7X7K"
          },
          "sensitive_attributes": [],
          "private": "eyJlMmJmYjczMC1lY2FhLTExZTYtOGY4OC0zNDM2M2JjN2M0YzAiOnsiY3JlYXRlIjo2MDAwMDAwMDAwMDAsImRlbGV0ZSI6NjAwMDAwMDAwMDAwLCJ1cGRhdGUiOjYwMDAwMDAwMDAwMH19",
          "dependencies": [
            "module.shared.aws_s3_bucket.lb_logs",
            "module.shared.aws_security_group.shared_sg",
            "module.shared.aws_subnet.subnet_public_2a",
            "module.shared.aws_subnet.subnet_public_2b",
            "module.shared.aws_subnet.subnet_public_2c",
            "module.shared.aws_vpc.vpc"
          ]
        }
      ]
    },
    {
      "module": "module.shared",
      "mode": "managed",
      "type": "aws_lb_listener",
      "name": "shared_lb_listener",
      "provider": "provider[\"registry.terraform.io/hashicorp/aws\"]",
      "instances": [
        {
          "schema_version": 0,
          "attributes": {
            "alpn_policy": null,
            "arn": "arn:aws:elasticloadbalancing:us-east-1:702853186114:listener/app/lb-staging/8523994a1104c5b7/efe77eface4043bb",
            "certificate_arn": "arn:aws:acm:us-east-1:702853186114:certificate/e16386cb-42ab-489d-a05b-5ab5a193648c",
            "default_action": [
              {
                "authenticate_cognito": [],
                "authenticate_oidc": [],
                "fixed_response": [
                  {
                    "content_type": "application/json",
                    "message_body": "[]",
                    "status_code": "200"
                  }
                ],
                "forward": [],
                "order": 1,
                "redirect": [],
                "target_group_arn": "",
                "type": "fixed-response"
              }
            ],
            "id": "arn:aws:elasticloadbalancing:us-east-1:702853186114:listener/app/lb-staging/8523994a1104c5b7/efe77eface4043bb",
            "load_balancer_arn": "arn:aws:elasticloadbalancing:us-east-1:702853186114:loadbalancer/app/lb-staging/8523994a1104c5b7",
            "mutual_authentication": [
              {
                "advertise_trust_store_ca_names": "",
                "ignore_client_certificate_expiry": false,
                "mode": "off",
                "trust_store_arn": ""
              }
            ],
            "port": 443,
            "protocol": "HTTPS",
            "region": "us-east-1",
            "routing_http_request_x_amzn_mtls_clientcert_header_name": "",
            "routing_http_request_x_amzn_mtls_clientcert_issuer_header_name": "",
            "routing_http_request_x_amzn_mtls_clientcert_leaf_header_name": "",
            "routing_http_request_x_amzn_mtls_clientcert_serial_number_header_name": "",
            "routing_http_request_x_amzn_mtls_clientcert_subject_header_name": "",
            "routing_http_request_x_amzn_mtls_clientcert_validity_header_name": "",
            "routing_http_request_x_amzn_tls_cipher_suite_header_name": "",
            "routing_http_request_x_amzn_tls_version_header_name": "",
            "routing_http_response_access_control_allow_credentials_header_value": "",
            "routing_http_response_access_control_allow_headers_header_value": "",
            "routing_http_response_access_control_allow_methods_header_value": "",
            "routing_http_response_access_control_allow_origin_header_value": "",
            "routing_http_response_access_control_expose_headers_header_value": "",
            "routing_http_response_access_control_max_age_header_value": "",
            "routing_http_response_content_security_policy_header_value": "",
            "routing_http_response_server_enabled": true,
            "routing_http_response_strict_transport_security_header_value": "",
            "routing_http_response_x_content_type_options_header_value": "",
            "routing_http_response_x_frame_options_header_value": "",
            "ssl_policy": "ELBSecurityPolicy-2016-08",
            "tags": {},
            "tags_all": {},
            "tcp_idle_timeout_seconds": null,
            "timeouts": null
          },
          "sensitive_attributes": [],
          "private": "eyJlMmJmYjczMC1lY2FhLTExZTYtOGY4OC0zNDM2M2JjN2M0YzAiOnsiY3JlYXRlIjozMDAwMDAwMDAwMDAsInVwZGF0ZSI6MzAwMDAwMDAwMDAwfX0=",
          "dependencies": [
            "module.shared.aws_lb.shared_lb",
            "module.shared.aws_s3_bucket.lb_logs",
            "module.shared.aws_security_group.shared_sg",
            "module.shared.aws_subnet.subnet_public_2a",
            "module.shared.aws_subnet.subnet_public_2b",
            "module.shared.aws_subnet.subnet_public_2c",
            "module.shared.aws_vpc.vpc"
          ]
        }
      ]
    },
    {
      "module": "module.shared",
      "mode": "managed",
      "type": "aws_nat_gateway",
      "name": "nat_2a",
      "provider": "provider[\"registry.terraform.io/hashicorp/aws\"]",
      "instances": [
        {
          "index_key": 0,
          "schema_version": 0,
          "attributes": {
            "allocation_id": "eipalloc-024daf4a5fccf9e25",
            "association_id": "eipassoc-0440711f7cf8b8a66",
            "connectivity_type": "public",
            "id": "nat-0ce0834c7fead06a1",
            "network_interface_id": "eni-0cc0f75896b5a3e04",
            "private_ip": "10.0.1.214",
            "public_ip": "52.3.89.166",
            "region": "us-east-1",
            "secondary_allocation_ids": [],
            "secondary_private_ip_address_count": 0,
            "secondary_private_ip_addresses": [],
            "subnet_id": "subnet-0ba1c698db13bad33",
            "tags": {},
            "tags_all": {},
            "timeouts": null
          },
          "sensitive_attributes": [],
          "private": "eyJlMmJmYjczMC1lY2FhLTExZTYtOGY4OC0zNDM2M2JjN2M0YzAiOnsiY3JlYXRlIjo2MDAwMDAwMDAwMDAsImRlbGV0ZSI6MTgwMDAwMDAwMDAwMCwidXBkYXRlIjo2MDAwMDAwMDAwMDB9fQ==",
          "dependencies": [
            "module.shared.aws_eip.nat_2a",
            "module.shared.aws_internet_gateway.gw",
            "module.shared.aws_subnet.subnet_public_2a",
            "module.shared.aws_vpc.vpc"
          ]
        }
      ]
    },
    {
      "module": "module.shared",
      "mode": "managed",
      "type": "aws_nat_gateway",
      "name": "nat_2b",
      "provider": "provider[\"registry.terraform.io/hashicorp/aws\"]",
      "instances": [
        {
          "index_key": 0,
          "schema_version": 0,
          "attributes": {
            "allocation_id": "eipalloc-091082b75ed872157",
            "association_id": "eipassoc-0fe63821a1a8ce9f7",
            "connectivity_type": "public",
            "id": "nat-056743cf3dccf1688",
            "network_interface_id": "eni-0cde86e6e839864ae",
            "private_ip": "10.0.4.170",
            "public_ip": "13.223.216.217",
            "region": "us-east-1",
            "secondary_allocation_ids": [],
            "secondary_private_ip_address_count": 0,
            "secondary_private_ip_addresses": [],
            "subnet_id": "subnet-05a239abe923b3123",
            "tags": {},
            "tags_all": {},
            "timeouts": null
          },
          "sensitive_attributes": [],
          "private": "eyJlMmJmYjczMC1lY2FhLTExZTYtOGY4OC0zNDM2M2JjN2M0YzAiOnsiY3JlYXRlIjo2MDAwMDAwMDAwMDAsImRlbGV0ZSI6MTgwMDAwMDAwMDAwMCwidXBkYXRlIjo2MDAwMDAwMDAwMDB9fQ==",
          "dependencies": [
            "module.shared.aws_eip.nat_2b",
            "module.shared.aws_internet_gateway.gw",
            "module.shared.aws_subnet.subnet_public_2b",
            "module.shared.aws_vpc.vpc"
          ]
        }
      ]
    },
    {
      "module": "module.shared",
      "mode": "managed",
      "type": "aws_route_table",
      "name": "private_2a",
      "provider": "provider[\"registry.terraform.io/hashicorp/aws\"]",
      "instances": [
        {
          "index_key": 0,
          "schema_version": 0,
          "attributes": {
            "arn": "arn:aws:ec2:us-east-1:702853186114:route-table/rtb-0e00483920e3e5064",
            "id": "rtb-0e00483920e3e5064",
            "owner_id": "702853186114",
            "propagating_vgws": [],
            "region": "us-east-1",
            "route": [
              {
                "carrier_gateway_id": "",
                "cidr_block": "0.0.0.0/0",
                "core_network_arn": "",
                "destination_prefix_list_id": "",
                "egress_only_gateway_id": "",
                "gateway_id": "",
                "ipv6_cidr_block": "",
                "local_gateway_id": "",
                "nat_gateway_id": "nat-0ce0834c7fead06a1",
                "network_interface_id": "",
                "transit_gateway_id": "",
                "vpc_endpoint_id": "",
                "vpc_peering_connection_id": ""
              }
            ],
            "tags": {
              "Name": "clancy-staging-private-route-table-2a"
            },
            "tags_all": {
              "Name": "clancy-staging-private-route-table-2a"
            },
            "timeouts": null,
            "vpc_id": "vpc-06c5fa8b3c9768876"
          },
          "sensitive_attributes": [],
          "private": "eyJlMmJmYjczMC1lY2FhLTExZTYtOGY4OC0zNDM2M2JjN2M0YzAiOnsiY3JlYXRlIjozMDAwMDAwMDAwMDAsImRlbGV0ZSI6MzAwMDAwMDAwMDAwLCJ1cGRhdGUiOjEyMDAwMDAwMDAwMH19",
          "dependencies": [
            "module.shared.aws_eip.nat_2a",
            "module.shared.aws_internet_gateway.gw",
            "module.shared.aws_nat_gateway.nat_2a",
            "module.shared.aws_subnet.subnet_public_2a",
            "module.shared.aws_vpc.vpc"
          ]
        }
      ]
    },
    {
      "module": "module.shared",
      "mode": "managed",
      "type": "aws_route_table",
      "name": "private_2b",
      "provider": "provider[\"registry.terraform.io/hashicorp/aws\"]",
      "instances": [
        {
          "index_key": 0,
          "schema_version": 0,
          "attributes": {
            "arn": "arn:aws:ec2:us-east-1:702853186114:route-table/rtb-0fbbc589bba7b9322",
            "id": "rtb-0fbbc589bba7b9322",
            "owner_id": "702853186114",
            "propagating_vgws": [],
            "region": "us-east-1",
            "route": [
              {
                "carrier_gateway_id": "",
                "cidr_block": "0.0.0.0/0",
                "core_network_arn": "",
                "destination_prefix_list_id": "",
                "egress_only_gateway_id": "",
                "gateway_id": "",
                "ipv6_cidr_block": "",
                "local_gateway_id": "",
                "nat_gateway_id": "nat-056743cf3dccf1688",
                "network_interface_id": "",
                "transit_gateway_id": "",
                "vpc_endpoint_id": "",
                "vpc_peering_connection_id": ""
              }
            ],
            "tags": {
              "Name": "clancy-staging-private-route-table-2b"
            },
            "tags_all": {
              "Name": "clancy-staging-private-route-table-2b"
            },
            "timeouts": null,
            "vpc_id": "vpc-06c5fa8b3c9768876"
          },
          "sensitive_attributes": [],
          "private": "eyJlMmJmYjczMC1lY2FhLTExZTYtOGY4OC0zNDM2M2JjN2M0YzAiOnsiY3JlYXRlIjozMDAwMDAwMDAwMDAsImRlbGV0ZSI6MzAwMDAwMDAwMDAwLCJ1cGRhdGUiOjEyMDAwMDAwMDAwMH19",
          "dependencies": [
            "module.shared.aws_eip.nat_2b",
            "module.shared.aws_internet_gateway.gw",
            "module.shared.aws_nat_gateway.nat_2b",
            "module.shared.aws_subnet.subnet_public_2b",
            "module.shared.aws_vpc.vpc"
          ]
        }
      ]
    },
    {
      "module": "module.shared",
      "mode": "managed",
      "type": "aws_route_table",
      "name": "public",
      "provider": "provider[\"registry.terraform.io/hashicorp/aws\"]",
      "instances": [
        {
          "schema_version": 0,
          "attributes": {
            "arn": "arn:aws:ec2:us-east-1:702853186114:route-table/rtb-0da5d57adfad7c150",
            "id": "rtb-0da5d57adfad7c150",
            "owner_id": "702853186114",
            "propagating_vgws": [],
            "region": "us-east-1",
            "route": [
              {
                "carrier_gateway_id": "",
                "cidr_block": "0.0.0.0/0",
                "core_network_arn": "",
                "destination_prefix_list_id": "",
                "egress_only_gateway_id": "",
                "gateway_id": "igw-079fa5a55bbbf3952",
                "ipv6_cidr_block": "",
                "local_gateway_id": "",
                "nat_gateway_id": "",
                "network_interface_id": "",
                "transit_gateway_id": "",
                "vpc_endpoint_id": "",
                "vpc_peering_connection_id": ""
              }
            ],
            "tags": {
              "Name": "clancy-staging-public-route-table"
            },
            "tags_all": {
              "Name": "clancy-staging-public-route-table"
            },
            "timeouts": null,
            "vpc_id": "vpc-06c5fa8b3c9768876"
          },
          "sensitive_attributes": [],
          "private": "eyJlMmJmYjczMC1lY2FhLTExZTYtOGY4OC0zNDM2M2JjN2M0YzAiOnsiY3JlYXRlIjozMDAwMDAwMDAwMDAsImRlbGV0ZSI6MzAwMDAwMDAwMDAwLCJ1cGRhdGUiOjEyMDAwMDAwMDAwMH19",
          "dependencies": [
            "module.shared.aws_internet_gateway.gw",
            "module.shared.aws_vpc.vpc"
          ]
        }
      ]
    },
    {
      "module": "module.shared",
      "mode": "managed",
      "type": "aws_route_table_association",
      "name": "private_2a",
      "provider": "provider[\"registry.terraform.io/hashicorp/aws\"]",
      "instances": [
        {
          "index_key": 0,
          "schema_version": 0,
          "attributes": {
            "gateway_id": "",
            "id": "rtbassoc-0fc0c240a27edf75c",
            "region": "us-east-1",
            "route_table_id": "rtb-0e00483920e3e5064",
            "subnet_id": "subnet-039fd5720e8b2acfd",
            "timeouts": null
          },
          "sensitive_attributes": [],
          "private": "eyJlMmJmYjczMC1lY2FhLTExZTYtOGY4OC0zNDM2M2JjN2M0YzAiOnsiY3JlYXRlIjozMDAwMDAwMDAwMDAsImRlbGV0ZSI6MzAwMDAwMDAwMDAwLCJ1cGRhdGUiOjEyMDAwMDAwMDAwMH19",
          "dependencies": [
            "module.shared.aws_eip.nat_2a",
            "module.shared.aws_internet_gateway.gw",
            "module.shared.aws_nat_gateway.nat_2a",
            "module.shared.aws_route_table.private_2a",
            "module.shared.aws_subnet.subnet_private_2a",
            "module.shared.aws_subnet.subnet_public_2a",
            "module.shared.aws_vpc.vpc"
          ]
        }
      ]
    },
    {
      "module": "module.shared",
      "mode": "managed",
      "type": "aws_route_table_association",
      "name": "private_2b",
      "provider": "provider[\"registry.terraform.io/hashicorp/aws\"]",
      "instances": [
        {
          "index_key": 0,
          "schema_version": 0,
          "attributes": {
            "gateway_id": "",
            "id": "rtbassoc-088650cba4256425f",
            "region": "us-east-1",
            "route_table_id": "rtb-0fbbc589bba7b9322",
            "subnet_id": "subnet-0f1e678f97eafd931",
            "timeouts": null
          },
          "sensitive_attributes": [],
          "private": "eyJlMmJmYjczMC1lY2FhLTExZTYtOGY4OC0zNDM2M2JjN2M0YzAiOnsiY3JlYXRlIjozMDAwMDAwMDAwMDAsImRlbGV0ZSI6MzAwMDAwMDAwMDAwLCJ1cGRhdGUiOjEyMDAwMDAwMDAwMH19",
          "dependencies": [
            "module.shared.aws_eip.nat_2b",
            "module.shared.aws_internet_gateway.gw",
            "module.shared.aws_nat_gateway.nat_2b",
            "module.shared.aws_route_table.private_2b",
            "module.shared.aws_subnet.subnet_private_2b",
            "module.shared.aws_subnet.subnet_public_2b",
            "module.shared.aws_vpc.vpc"
          ]
        }
      ]
    },
    {
      "module": "module.shared",
      "mode": "managed",
      "type": "aws_route_table_association",
      "name": "public_2a",
      "provider": "provider[\"registry.terraform.io/hashicorp/aws\"]",
      "instances": [
        {
          "index_key": 0,
          "schema_version": 0,
          "attributes": {
            "gateway_id": "",
            "id": "rtbassoc-0cfe60f18c76464e2",
            "region": "us-east-1",
            "route_table_id": "rtb-0da5d57adfad7c150",
            "subnet_id": "subnet-0ba1c698db13bad33",
            "timeouts": null
          },
          "sensitive_attributes": [],
          "private": "eyJlMmJmYjczMC1lY2FhLTExZTYtOGY4OC0zNDM2M2JjN2M0YzAiOnsiY3JlYXRlIjozMDAwMDAwMDAwMDAsImRlbGV0ZSI6MzAwMDAwMDAwMDAwLCJ1cGRhdGUiOjEyMDAwMDAwMDAwMH19",
          "dependencies": [
            "module.shared.aws_internet_gateway.gw",
            "module.shared.aws_route_table.public",
            "module.shared.aws_subnet.subnet_public_2a",
            "module.shared.aws_vpc.vpc"
          ]
        }
      ]
    },
    {
      "module": "module.shared",
      "mode": "managed",
      "type": "aws_route_table_association",
      "name": "public_2b",
      "provider": "provider[\"registry.terraform.io/hashicorp/aws\"]",
      "instances": [
        {
          "index_key": 0,
          "schema_version": 0,
          "attributes": {
            "gateway_id": "",
            "id": "rtbassoc-0a31f5eaea6d61912",
            "region": "us-east-1",
            "route_table_id": "rtb-0da5d57adfad7c150",
            "subnet_id": "subnet-05a239abe923b3123",
            "timeouts": null
          },
          "sensitive_attributes": [],
          "private": "eyJlMmJmYjczMC1lY2FhLTExZTYtOGY4OC0zNDM2M2JjN2M0YzAiOnsiY3JlYXRlIjozMDAwMDAwMDAwMDAsImRlbGV0ZSI6MzAwMDAwMDAwMDAwLCJ1cGRhdGUiOjEyMDAwMDAwMDAwMH19",
          "dependencies": [
            "module.shared.aws_internet_gateway.gw",
            "module.shared.aws_route_table.public",
            "module.shared.aws_subnet.subnet_public_2b",
            "module.shared.aws_vpc.vpc"
          ]
        }
      ]
    },
    {
      "module": "module.shared",
      "mode": "managed",
      "type": "aws_s3_bucket",
      "name": "lb_logs",
      "provider": "provider[\"registry.terraform.io/hashicorp/aws\"]",
      "instances": [
        {
          "schema_version": 0,
          "attributes": {
            "acceleration_status": "",
            "acl": null,
            "arn": "arn:aws:s3:::clancy-lb-logs-staging",
            "bucket": "clancy-lb-logs-staging",
            "bucket_domain_name": "clancy-lb-logs-staging.s3.amazonaws.com",
            "bucket_prefix": "",
            "bucket_region": "us-east-1",
            "bucket_regional_domain_name": "clancy-lb-logs-staging.s3.us-east-1.amazonaws.com",
            "cors_rule": [],
            "force_destroy": false,
            "grant": [
              {
                "id": "88f891a1c8f12a77c0af607c696b3e5e7a68474f4aa0b8ebf8be8c48363affa2",
                "permissions": [
                  "FULL_CONTROL"
                ],
                "type": "CanonicalUser",
                "uri": ""
              }
            ],
            "hosted_zone_id": "Z3AQBSTGFYJSTF",
            "id": "clancy-lb-logs-staging",
            "lifecycle_rule": [],
            "logging": [],
            "object_lock_configuration": [],
            "object_lock_enabled": false,
            "policy": "{\"Statement\":[{\"Action\":\"s3:PutObject\",\"Effect\":\"Allow\",\"Principal\":{\"AWS\":\"arn:aws:iam::127311923021:root\"},\"Resource\":\"arn:aws:s3:::clancy-lb-logs-staging/access-logs/AWSLogs/702853186114/*\"},{\"Action\":\"s3:PutObject\",\"Condition\":{\"StringEquals\":{\"s3:x-amz-acl\":\"bucket-owner-full-control\"}},\"Effect\":\"Allow\",\"Principal\":{\"Service\":\"delivery.logs.amazonaws.com\"},\"Resource\":\"arn:aws:s3:::clancy-lb-logs-staging/access-logs/AWSLogs/702853186114/*\"},{\"Action\":\"s3:GetBucketAcl\",\"Effect\":\"Allow\",\"Principal\":{\"Service\":\"delivery.logs.amazonaws.com\"},\"Resource\":\"arn:aws:s3:::clancy-lb-logs-staging\"}],\"Version\":\"2012-10-17\"}",
            "region": "us-east-1",
            "replication_configuration": [],
            "request_payer": "BucketOwner",
            "server_side_encryption_configuration": [
              {
                "rule": [
                  {
                    "apply_server_side_encryption_by_default": [
                      {
                        "kms_master_key_id": "",
                        "sse_algorithm": "AES256"
                      }
                    ],
                    "bucket_key_enabled": false
                  }
                ]
              }
            ],
            "tags": {},
            "tags_all": {},
            "timeouts": null,
            "versioning": [
              {
                "enabled": false,
                "mfa_delete": false
              }
            ],
            "website": [],
            "website_domain": null,
            "website_endpoint": null
          },
          "sensitive_attributes": [],
          "private": "eyJlMmJmYjczMC1lY2FhLTExZTYtOGY4OC0zNDM2M2JjN2M0YzAiOnsiY3JlYXRlIjoxMjAwMDAwMDAwMDAwLCJkZWxldGUiOjM2MDAwMDAwMDAwMDAsInJlYWQiOjEyMDAwMDAwMDAwMDAsInVwZGF0ZSI6MTIwMDAwMDAwMDAwMH19"
        }
      ]
    },
    {
      "module": "module.shared",
      "mode": "managed",
      "type": "aws_s3_bucket_policy",
      "name": "lb_logs_policy",
      "provider": "provider[\"registry.terraform.io/hashicorp/aws\"]",
      "instances": [
        {
          "schema_version": 0,
          "attributes": {
            "bucket": "clancy-lb-logs-staging",
            "id": "clancy-lb-logs-staging",
            "policy": "{\"Statement\":[{\"Action\":\"s3:PutObject\",\"Effect\":\"Allow\",\"Principal\":{\"AWS\":\"arn:aws:iam::127311923021:root\"},\"Resource\":\"arn:aws:s3:::clancy-lb-logs-staging/*\"},{\"Action\":\"s3:GetBucketAcl\",\"Effect\":\"Allow\",\"Principal\":{\"AWS\":\"arn:aws:iam::127311923021:root\"},\"Resource\":\"arn:aws:s3:::clancy-lb-logs-staging\"}],\"Version\":\"2012-10-17\"}",
            "region": "us-east-1"
          },
          "sensitive_attributes": [],
          "private": "bnVsbA==",
          "dependencies": [
            "module.shared.aws_s3_bucket.lb_logs"
          ]
        }
      ]
    },
    {
      "module": "module.shared",
      "mode": "managed",
      "type": "aws_s3_bucket_public_access_block",
      "name": "lb_logs_pab",
      "provider": "provider[\"registry.terraform.io/hashicorp/aws\"]",
      "instances": [
        {
          "schema_version": 0,
          "attributes": {
            "block_public_acls": true,
            "block_public_policy": true,
            "bucket": "clancy-lb-logs-staging",
            "id": "clancy-lb-logs-staging",
            "ignore_public_acls": true,
            "region": "us-east-1",
            "restrict_public_buckets": true
          },
          "sensitive_attributes": [],
          "private": "bnVsbA==",
          "dependencies": [
            "module.shared.aws_s3_bucket.lb_logs"
          ]
        }
      ]
    },
    {
      "module": "module.shared",
      "mode": "managed",
      "type": "aws_secretsmanager_secret",
      "name": "clerk_secrets",
      "provider": "provider[\"registry.terraform.io/hashicorp/aws\"]",
      "instances": [
        {
          "schema_version": 0,
          "attributes": {
            "arn": "arn:aws:secretsmanager:us-east-1:702853186114:secret:/staging/clancy/clerk-rWNcO9",
            "description": "Clerk authentication secrets for Clancy services",
            "force_overwrite_replica_secret": false,
            "id": "arn:aws:secretsmanager:us-east-1:702853186114:secret:/staging/clancy/clerk-rWNcO9",
            "kms_key_id": "",
            "name": "/staging/clancy/clerk",
            "name_prefix": "",
            "policy": "",
            "recovery_window_in_days": 30,
            "region": "us-east-1",
            "replica": [],
            "tags": {},
            "tags_all": {}
          },
          "sensitive_attributes": [],
          "private": "bnVsbA=="
        }
      ]
    },
    {
      "module": "module.shared",
      "mode": "managed",
      "type": "aws_secretsmanager_secret",
      "name": "openai_api_key",
      "provider": "provider[\"registry.terraform.io/hashicorp/aws\"]",
      "instances": [
        {
          "schema_version": 0,
          "attributes": {
            "arn": "arn:aws:secretsmanager:us-east-1:702853186114:secret:/staging/clancy/openai-4S3mND",
            "description": "OpenAI API key for Clancy services",
            "force_overwrite_replica_secret": false,
            "id": "arn:aws:secretsmanager:us-east-1:702853186114:secret:/staging/clancy/openai-4S3mND",
            "kms_key_id": "",
            "name": "/staging/clancy/openai",
            "name_prefix": "",
            "policy": "",
            "recovery_window_in_days": 30,
            "region": "us-east-1",
            "replica": [],
            "tags": {},
            "tags_all": {}
          },
          "sensitive_attributes": [],
          "private": "bnVsbA=="
        }
      ]
    },
    {
      "module": "module.shared",
      "mode": "managed",
      "type": "aws_secretsmanager_secret",
      "name": "postgres_password",
      "provider": "provider[\"registry.terraform.io/hashicorp/aws\"]",
      "instances": [
        {
          "schema_version": 0,
          "attributes": {
            "arn": "arn:aws:secretsmanager:us-east-1:702853186114:secret:/staging/clancy/postgres-mg6vXl",
            "description": "PostgreSQL password for Clancy services",
            "force_overwrite_replica_secret": false,
            "id": "arn:aws:secretsmanager:us-east-1:702853186114:secret:/staging/clancy/postgres-mg6vXl",
            "kms_key_id": "",
            "name": "/staging/clancy/postgres",
            "name_prefix": "",
            "policy": "",
            "recovery_window_in_days": 30,
            "region": "us-east-1",
            "replica": [],
            "tags": {},
            "tags_all": {}
          },
          "sensitive_attributes": [],
          "private": "bnVsbA=="
        }
      ]
    },
    {
      "module": "module.shared",
      "mode": "managed",
      "type": "aws_security_group",
      "name": "shared_sg",
      "provider": "provider[\"registry.terraform.io/hashicorp/aws\"]",
      "instances": [
        {
          "schema_version": 1,
          "attributes": {
            "arn": "arn:aws:ec2:us-east-1:702853186114:security-group/sg-0720c41f1ac488c4d",
            "description": "Managed by Terraform",
            "egress": [
              {
                "cidr_blocks": [
                  "0.0.0.0/0"
                ],
                "description": "",
                "from_port": 0,
                "ipv6_cidr_blocks": [],
                "prefix_list_ids": [],
                "protocol": "-1",
                "security_groups": [],
                "self": false,
                "to_port": 0
              }
            ],
            "id": "sg-0720c41f1ac488c4d",
            "ingress": [
              {
                "cidr_blocks": [
                  "0.0.0.0/0"
                ],
                "description": "",
                "from_port": 443,
                "ipv6_cidr_blocks": [
                  "::/0"
                ],
                "prefix_list_ids": [],
                "protocol": "tcp",
                "security_groups": [],
                "self": false,
                "to_port": 443
              },
              {
                "cidr_blocks": [
                  "0.0.0.0/0"
                ],
                "description": "",
                "from_port": 80,
                "ipv6_cidr_blocks": [
                  "::/0"
                ],
                "prefix_list_ids": [],
                "protocol": "tcp",
                "security_groups": [],
                "self": false,
                "to_port": 80
              },
              {
                "cidr_blocks": [],
                "description": "",
                "from_port": 0,
                "ipv6_cidr_blocks": [],
                "prefix_list_ids": [],
                "protocol": "tcp",
                "security_groups": [],
                "self": true,
                "to_port": 65535
              }
            ],
            "name": "shared-sg-staging20250717182008612700000005",
            "name_prefix": "shared-sg-staging",
            "owner_id": "702853186114",
            "region": "us-east-1",
            "revoke_rules_on_delete": false,
            "tags": {},
            "tags_all": {},
            "timeouts": null,
            "vpc_id": "vpc-06c5fa8b3c9768876"
          },
          "sensitive_attributes": [],
          "private": "eyJlMmJmYjczMC1lY2FhLTExZTYtOGY4OC0zNDM2M2JjN2M0YzAiOnsiY3JlYXRlIjo2MDAwMDAwMDAwMDAsImRlbGV0ZSI6OTAwMDAwMDAwMDAwfSwic2NoZW1hX3ZlcnNpb24iOiIxIn0=",
          "dependencies": [
            "module.shared.aws_vpc.vpc"
          ]
        }
      ]
    },
    {
      "module": "module.shared",
      "mode": "managed",
      "type": "aws_security_group_rule",
      "name": "shared_sg_rule_external",
      "provider": "provider[\"registry.terraform.io/hashicorp/aws\"]",
      "instances": [
        {
          "schema_version": 2,
          "attributes": {
            "cidr_blocks": [
              "0.0.0.0/0"
            ],
            "description": null,
            "from_port": 80,
            "id": "sgrule-3193407147",
            "ipv6_cidr_blocks": [
              "::/0"
            ],
            "prefix_list_ids": null,
            "protocol": "tcp",
            "region": "us-east-1",
            "security_group_id": "sg-0720c41f1ac488c4d",
            "security_group_rule_id": "",
            "self": false,
            "source_security_group_id": null,
            "timeouts": null,
            "to_port": 80,
            "type": "ingress"
          },
          "sensitive_attributes": [],
          "private": "eyJlMmJmYjczMC1lY2FhLTExZTYtOGY4OC0zNDM2M2JjN2M0YzAiOnsiY3JlYXRlIjozMDAwMDAwMDAwMDB9LCJzY2hlbWFfdmVyc2lvbiI6IjIifQ==",
          "dependencies": [
            "module.shared.aws_security_group.shared_sg",
            "module.shared.aws_vpc.vpc"
          ]
        }
      ]
    },
    {
      "module": "module.shared",
      "mode": "managed",
      "type": "aws_security_group_rule",
      "name": "shared_sg_rule_external_https",
      "provider": "provider[\"registry.terraform.io/hashicorp/aws\"]",
      "instances": [
        {
          "schema_version": 2,
          "attributes": {
            "cidr_blocks": [
              "0.0.0.0/0"
            ],
            "description": null,
            "from_port": 443,
            "id": "sgrule-3311435830",
            "ipv6_cidr_blocks": [
              "::/0"
            ],
            "prefix_list_ids": null,
            "protocol": "tcp",
            "region": "us-east-1",
            "security_group_id": "sg-0720c41f1ac488c4d",
            "security_group_rule_id": "",
            "self": false,
            "source_security_group_id": null,
            "timeouts": null,
            "to_port": 443,
            "type": "ingress"
          },
          "sensitive_attributes": [],
          "private": "eyJlMmJmYjczMC1lY2FhLTExZTYtOGY4OC0zNDM2M2JjN2M0YzAiOnsiY3JlYXRlIjozMDAwMDAwMDAwMDB9LCJzY2hlbWFfdmVyc2lvbiI6IjIifQ==",
          "dependencies": [
            "module.shared.aws_security_group.shared_sg",
            "module.shared.aws_vpc.vpc"
          ]
        }
      ]
    },
    {
      "module": "module.shared",
      "mode": "managed",
      "type": "aws_security_group_rule",
      "name": "shared_sg_rule_internal",
      "provider": "provider[\"registry.terraform.io/hashicorp/aws\"]",
      "instances": [
        {
          "schema_version": 2,
          "attributes": {
            "cidr_blocks": null,
            "description": null,
            "from_port": 0,
            "id": "sgrule-858241257",
            "ipv6_cidr_blocks": null,
            "prefix_list_ids": null,
            "protocol": "tcp",
            "region": "us-east-1",
            "security_group_id": "sg-0720c41f1ac488c4d",
            "security_group_rule_id": "sgr-05f22a3f56d8c5da1",
            "self": true,
            "source_security_group_id": null,
            "timeouts": null,
            "to_port": 65535,
            "type": "ingress"
          },
          "sensitive_attributes": [],
          "private": "eyJlMmJmYjczMC1lY2FhLTExZTYtOGY4OC0zNDM2M2JjN2M0YzAiOnsiY3JlYXRlIjozMDAwMDAwMDAwMDB9LCJzY2hlbWFfdmVyc2lvbiI6IjIifQ==",
          "dependencies": [
            "module.shared.aws_security_group.shared_sg",
            "module.shared.aws_vpc.vpc"
          ]
        }
      ]
    },
    {
      "module": "module.shared",
      "mode": "managed",
      "type": "aws_service_discovery_private_dns_namespace",
      "name": "clancy",
      "provider": "provider[\"registry.terraform.io/hashicorp/aws\"]",
      "instances": [
        {
          "schema_version": 0,
          "attributes": {
            "arn": "arn:aws:servicediscovery:us-east-1:702853186114:namespace/ns-c347fxg5h2guji2e",
            "description": "",
            "hosted_zone": "Z04058072L7UBTF4AP5GU",
            "id": "ns-c347fxg5h2guji2e",
            "name": "clancy-staging",
            "region": "us-east-1",
            "tags": {},
            "tags_all": {},
            "vpc": "vpc-06c5fa8b3c9768876"
          },
          "sensitive_attributes": [],
          "private": "bnVsbA==",
          "dependencies": [
            "module.shared.aws_vpc.vpc"
          ]
        }
      ]
    },
    {
      "module": "module.shared",
      "mode": "managed",
      "type": "aws_subnet",
      "name": "subnet_private_2a",
      "provider": "provider[\"registry.terraform.io/hashicorp/aws\"]",
      "instances": [
        {
          "index_key": 0,
          "schema_version": 1,
          "attributes": {
            "arn": "arn:aws:ec2:us-east-1:702853186114:subnet/subnet-039fd5720e8b2acfd",
            "assign_ipv6_address_on_creation": false,
            "availability_zone": "us-east-1a",
            "availability_zone_id": "use1-az6",
            "cidr_block": "10.0.5.0/24",
            "customer_owned_ipv4_pool": "",
            "enable_dns64": false,
            "enable_lni_at_device_index": 0,
            "enable_resource_name_dns_a_record_on_launch": false,
            "enable_resource_name_dns_aaaa_record_on_launch": false,
            "id": "subnet-039fd5720e8b2acfd",
            "ipv6_cidr_block": "",
            "ipv6_cidr_block_association_id": "",
            "ipv6_native": false,
            "map_customer_owned_ip_on_launch": false,
            "map_public_ip_on_launch": false,
            "outpost_arn": "",
            "owner_id": "702853186114",
            "private_dns_hostname_type_on_launch": "ip-name",
            "region": "us-east-1",
            "tags": {
              "Name": "staging-private-subnet-2a"
            },
            "tags_all": {
              "Name": "staging-private-subnet-2a"
            },
            "timeouts": null,
            "vpc_id": "vpc-06c5fa8b3c9768876"
          },
          "sensitive_attributes": [],
          "private": "eyJlMmJmYjczMC1lY2FhLTExZTYtOGY4OC0zNDM2M2JjN2M0YzAiOnsiY3JlYXRlIjo2MDAwMDAwMDAwMDAsImRlbGV0ZSI6MTIwMDAwMDAwMDAwMH0sInNjaGVtYV92ZXJzaW9uIjoiMSJ9",
          "dependencies": [
            "module.shared.aws_vpc.vpc"
          ]
        }
      ]
    },
    {
      "module": "module.shared",
      "mode": "managed",
      "type": "aws_subnet",
      "name": "subnet_private_2b",
      "provider": "provider[\"registry.terraform.io/hashicorp/aws\"]",
      "instances": [
        {
          "index_key": 0,
          "schema_version": 1,
          "attributes": {
            "arn": "arn:aws:ec2:us-east-1:702853186114:subnet/subnet-0f1e678f97eafd931",
            "assign_ipv6_address_on_creation": false,
            "availability_zone": "us-east-1b",
            "availability_zone_id": "use1-az1",
            "cidr_block": "10.0.2.0/24",
            "customer_owned_ipv4_pool": "",
            "enable_dns64": false,
            "enable_lni_at_device_index": 0,
            "enable_resource_name_dns_a_record_on_launch": false,
            "enable_resource_name_dns_aaaa_record_on_launch": false,
            "id": "subnet-0f1e678f97eafd931",
            "ipv6_cidr_block": "",
            "ipv6_cidr_block_association_id": "",
            "ipv6_native": false,
            "map_customer_owned_ip_on_launch": false,
            "map_public_ip_on_launch": false,
            "outpost_arn": "",
            "owner_id": "702853186114",
            "private_dns_hostname_type_on_launch": "ip-name",
            "region": "us-east-1",
            "tags": {
              "Name": "staging-private-subnet-2b"
            },
            "tags_all": {
              "Name": "staging-private-subnet-2b"
            },
            "timeouts": null,
            "vpc_id": "vpc-06c5fa8b3c9768876"
          },
          "sensitive_attributes": [],
          "private": "eyJlMmJmYjczMC1lY2FhLTExZTYtOGY4OC0zNDM2M2JjN2M0YzAiOnsiY3JlYXRlIjo2MDAwMDAwMDAwMDAsImRlbGV0ZSI6MTIwMDAwMDAwMDAwMH0sInNjaGVtYV92ZXJzaW9uIjoiMSJ9",
          "dependencies": [
            "module.shared.aws_vpc.vpc"
          ]
        }
      ]
    },
    {
      "module": "module.shared",
      "mode": "managed",
      "type": "aws_subnet",
      "name": "subnet_public_2a",
      "provider": "provider[\"registry.terraform.io/hashicorp/aws\"]",
      "instances": [
        {
          "index_key": 0,
          "schema_version": 1,
          "attributes": {
            "arn": "arn:aws:ec2:us-east-1:702853186114:subnet/subnet-0ba1c698db13bad33",
            "assign_ipv6_address_on_creation": false,
            "availability_zone": "us-east-1a",
            "availability_zone_id": "use1-az6",
            "cidr_block": "10.0.1.0/24",
            "customer_owned_ipv4_pool": "",
            "enable_dns64": false,
            "enable_lni_at_device_index": 0,
            "enable_resource_name_dns_a_record_on_launch": false,
            "enable_resource_name_dns_aaaa_record_on_launch": false,
            "id": "subnet-0ba1c698db13bad33",
            "ipv6_cidr_block": "",
            "ipv6_cidr_block_association_id": "",
            "ipv6_native": false,
            "map_customer_owned_ip_on_launch": false,
            "map_public_ip_on_launch": true,
            "outpost_arn": "",
            "owner_id": "702853186114",
            "private_dns_hostname_type_on_launch": "ip-name",
            "region": "us-east-1",
            "tags": {
              "Name": "staging-public-subnet-2a"
            },
            "tags_all": {
              "Name": "staging-public-subnet-2a"
            },
            "timeouts": null,
            "vpc_id": "vpc-06c5fa8b3c9768876"
          },
          "sensitive_attributes": [],
          "private": "eyJlMmJmYjczMC1lY2FhLTExZTYtOGY4OC0zNDM2M2JjN2M0YzAiOnsiY3JlYXRlIjo2MDAwMDAwMDAwMDAsImRlbGV0ZSI6MTIwMDAwMDAwMDAwMH0sInNjaGVtYV92ZXJzaW9uIjoiMSJ9",
          "dependencies": [
            "module.shared.aws_vpc.vpc"
          ]
        }
      ]
    },
    {
      "module": "module.shared",
      "mode": "managed",
      "type": "aws_subnet",
      "name": "subnet_public_2b",
      "provider": "provider[\"registry.terraform.io/hashicorp/aws\"]",
      "instances": [
        {
          "index_key": 0,
          "schema_version": 1,
          "attributes": {
            "arn": "arn:aws:ec2:us-east-1:702853186114:subnet/subnet-05a239abe923b3123",
            "assign_ipv6_address_on_creation": false,
            "availability_zone": "us-east-1b",
            "availability_zone_id": "use1-az1",
            "cidr_block": "10.0.4.0/24",
            "customer_owned_ipv4_pool": "",
            "enable_dns64": false,
            "enable_lni_at_device_index": 0,
            "enable_resource_name_dns_a_record_on_launch": false,
            "enable_resource_name_dns_aaaa_record_on_launch": false,
            "id": "subnet-05a239abe923b3123",
            "ipv6_cidr_block": "",
            "ipv6_cidr_block_association_id": "",
            "ipv6_native": false,
            "map_customer_owned_ip_on_launch": false,
            "map_public_ip_on_launch": true,
            "outpost_arn": "",
            "owner_id": "702853186114",
            "private_dns_hostname_type_on_launch": "ip-name",
            "region": "us-east-1",
            "tags": {
              "Name": "staging-public-subnet-2b"
            },
            "tags_all": {
              "Name": "staging-public-subnet-2b"
            },
            "timeouts": null,
            "vpc_id": "vpc-06c5fa8b3c9768876"
          },
          "sensitive_attributes": [],
          "private": "eyJlMmJmYjczMC1lY2FhLTExZTYtOGY4OC0zNDM2M2JjN2M0YzAiOnsiY3JlYXRlIjo2MDAwMDAwMDAwMDAsImRlbGV0ZSI6MTIwMDAwMDAwMDAwMH0sInNjaGVtYV92ZXJzaW9uIjoiMSJ9",
          "dependencies": [
            "module.shared.aws_vpc.vpc"
          ]
        }
      ]
    },
    {
      "module": "module.shared",
      "mode": "managed",
      "type": "aws_vpc",
      "name": "vpc",
      "provider": "provider[\"registry.terraform.io/hashicorp/aws\"]",
      "instances": [
        {
          "schema_version": 1,
          "attributes": {
            "arn": "arn:aws:ec2:us-east-1:702853186114:vpc/vpc-06c5fa8b3c9768876",
            "assign_generated_ipv6_cidr_block": false,
            "cidr_block": "10.0.0.0/16",
            "default_network_acl_id": "acl-07d4b955dfc82456a",
            "default_route_table_id": "rtb-06b8b14b496a29dba",
            "default_security_group_id": "sg-0ac7584407589dd95",
            "dhcp_options_id": "dopt-80d7c4e2",
            "enable_dns_hostnames": true,
            "enable_dns_support": true,
            "enable_network_address_usage_metrics": false,
            "id": "vpc-06c5fa8b3c9768876",
            "instance_tenancy": "default",
            "ipv4_ipam_pool_id": null,
            "ipv4_netmask_length": null,
            "ipv6_association_id": "",
            "ipv6_cidr_block": "",
            "ipv6_cidr_block_network_border_group": "",
            "ipv6_ipam_pool_id": "",
            "ipv6_netmask_length": 0,
            "main_route_table_id": "rtb-06b8b14b496a29dba",
            "owner_id": "702853186114",
            "region": "us-east-1",
            "tags": {
              "Name": "clancy-staging-vpc"
            },
            "tags_all": {
              "Name": "clancy-staging-vpc"
            }
          },
          "sensitive_attributes": [],
          "private": "eyJzY2hlbWFfdmVyc2lvbiI6IjEifQ=="
        }
      ]
    },
    {
      "module": "module.shared",
      "mode": "managed",
      "type": "aws_vpc_security_group_egress_rule",
      "name": "allow_all_traffic_ipv4",
      "provider": "provider[\"registry.terraform.io/hashicorp/aws\"]",
      "instances": [
        {
          "schema_version": 0,
          "attributes": {
            "arn": "arn:aws:ec2:us-east-1:702853186114:security-group-rule/sgr-09ab34082d438981a",
            "cidr_ipv4": "0.0.0.0/0",
            "cidr_ipv6": null,
            "description": null,
            "from_port": null,
            "id": "sgr-09ab34082d438981a",
            "ip_protocol": "-1",
            "prefix_list_id": null,
            "referenced_security_group_id": null,
            "region": "us-east-1",
            "security_group_id": "sg-0720c41f1ac488c4d",
            "security_group_rule_id": "sgr-09ab34082d438981a",
            "tags": null,
            "tags_all": {},
            "to_port": null
          },
          "sensitive_attributes": [],
          "dependencies": [
            "module.shared.aws_security_group.shared_sg",
            "module.shared.aws_vpc.vpc"
          ]
        }
      ]
    }
  ],
  "check_results": [
    {
      "object_kind": "var",
      "config_addr": "module.lambdas.var.vpc_security_group_ids",
      "status": "pass",
      "objects": [
        {
          "object_addr": "module.lambdas.var.vpc_security_group_ids",
          "status": "pass"
        }
      ]
    },
    {
      "object_kind": "var",
      "config_addr": "module.lambdas.var.environment",
      "status": "pass",
      "objects": [
        {
          "object_addr": "module.lambdas.var.environment",
          "status": "pass"
        }
      ]
    }
  ]
}
